<?xml version="1.0" encoding="UTF-8"?>
<!DOCTYPE plist PUBLIC "-//Apple//DTD PLIST 1.0//EN" "http://www.apple.com/DTDs/PropertyList-1.0.dtd">
<plist version="1.0">
<dict>
	<key>archiveVersion</key>
	<string>1</string>
	<key>classes</key>
	<dict/>
	<key>objectVersion</key>
	<string>46</string>
	<key>objects</key>
	<dict>
		<key>013188FA1AD55DF400DA4F6B</key>
		<dict>
			<key>children</key>
			<array>
				<string>013189051AD55DF400DA4F6B</string>
				<string>013189221AD55DF400DA4F6B</string>
				<string>013189041AD55DF400DA4F6B</string>
				<string>C12EF14574DE445BBFFC6187</string>
				<string>6BBD093E0A2E47FFADA545EE</string>
			</array>
			<key>isa</key>
			<string>PBXGroup</string>
			<key>sourceTree</key>
			<string>&lt;group&gt;</string>
		</dict>
		<key>013188FB1AD55DF400DA4F6B</key>
		<dict>
			<key>attributes</key>
			<dict>
				<key>LastUpgradeCheck</key>
				<string>0620</string>
				<key>ORGANIZATIONNAME</key>
				<string>Julian</string>
				<key>TargetAttributes</key>
				<dict>
					<key>013189021AD55DF400DA4F6B</key>
					<dict>
						<key>CreatedOnToolsVersion</key>
						<string>6.2</string>
					</dict>
					<key>0131891E1AD55DF400DA4F6B</key>
					<dict>
						<key>CreatedOnToolsVersion</key>
						<string>6.2</string>
						<key>TestTargetID</key>
						<string>013189021AD55DF400DA4F6B</string>
					</dict>
				</dict>
			</dict>
			<key>buildConfigurationList</key>
			<string>013188FE1AD55DF400DA4F6B</string>
			<key>compatibilityVersion</key>
			<string>Xcode 3.2</string>
			<key>developmentRegion</key>
			<string>English</string>
			<key>hasScannedForEncodings</key>
			<string>0</string>
			<key>isa</key>
			<string>PBXProject</string>
			<key>knownRegions</key>
			<array>
				<string>en</string>
				<string>Base</string>
			</array>
			<key>mainGroup</key>
			<string>013188FA1AD55DF400DA4F6B</string>
			<key>productRefGroup</key>
			<string>013189041AD55DF400DA4F6B</string>
			<key>projectDirPath</key>
			<string></string>
			<key>projectReferences</key>
			<array/>
			<key>projectRoot</key>
			<string></string>
			<key>targets</key>
			<array>
				<string>013189021AD55DF400DA4F6B</string>
				<string>0131891E1AD55DF400DA4F6B</string>
			</array>
		</dict>
		<key>013188FE1AD55DF400DA4F6B</key>
		<dict>
			<key>buildConfigurations</key>
			<array>
				<string>013189271AD55DF400DA4F6B</string>
				<string>013189281AD55DF400DA4F6B</string>
			</array>
			<key>defaultConfigurationIsVisible</key>
			<string>0</string>
			<key>defaultConfigurationName</key>
			<string>Release</string>
			<key>isa</key>
			<string>XCConfigurationList</string>
		</dict>
		<key>013188FF1AD55DF400DA4F6B</key>
		<dict>
			<key>buildActionMask</key>
			<string>2147483647</string>
			<key>files</key>
			<array>
				<string>0131890C1AD55DF400DA4F6B</string>
				<string>013189451AD5715E00DA4F6B</string>
				<string>013189521AD5779700DA4F6B</string>
				<string>013189671AD59A6800DA4F6B</string>
				<string>0131896B1AD5A02000DA4F6B</string>
				<string>0131894C1AD5760100DA4F6B</string>
				<string>013189631AD599B100DA4F6B</string>
				<string>0131893D1AD56F5200DA4F6B</string>
				<string>013189091AD55DF400DA4F6B</string>
				<string>0131895F1AD5940300DA4F6B</string>
				<string>013189321AD55ECE00DA4F6B</string>
				<string>0131895B1AD5840800DA4F6B</string>
				<string>0131890F1AD55DF400DA4F6B</string>
				<string>013189571AD57CEC00DA4F6B</string>
				<string>013189701AD5A09B00DA4F6B</string>
				<string>013189411AD5706E00DA4F6B</string>
			</array>
			<key>isa</key>
			<string>PBXSourcesBuildPhase</string>
			<key>runOnlyForDeploymentPostprocessing</key>
			<string>0</string>
		</dict>
		<key>013189001AD55DF400DA4F6B</key>
		<dict>
			<key>buildActionMask</key>
			<string>2147483647</string>
			<key>files</key>
			<array>
				<string>1968463E0109609099F531B6</string>
			</array>
			<key>isa</key>
			<string>PBXFrameworksBuildPhase</string>
			<key>runOnlyForDeploymentPostprocessing</key>
			<string>0</string>
		</dict>
		<key>013189011AD55DF400DA4F6B</key>
		<dict>
			<key>buildActionMask</key>
			<string>2147483647</string>
			<key>files</key>
			<array>
				<string>0131893E1AD56F5200DA4F6B</string>
				<string>0131891A1AD55DF400DA4F6B</string>
				<string>013189171AD55DF400DA4F6B</string>
				<string>013189711AD5A09B00DA4F6B</string>
			</array>
			<key>isa</key>
			<string>PBXResourcesBuildPhase</string>
			<key>runOnlyForDeploymentPostprocessing</key>
			<string>0</string>
		</dict>
		<key>013189021AD55DF400DA4F6B</key>
		<dict>
			<key>buildConfigurationList</key>
			<string>013189291AD55DF400DA4F6B</string>
			<key>buildPhases</key>
			<array>
				<string>13CC960BB38AB32B70C81E6E</string>
				<string>013188FF1AD55DF400DA4F6B</string>
				<string>013189001AD55DF400DA4F6B</string>
				<string>013189011AD55DF400DA4F6B</string>
				<string>8A91B9744BBD636B8DC7506F</string>
			</array>
			<key>buildRules</key>
			<array/>
			<key>dependencies</key>
			<array/>
			<key>isa</key>
			<string>PBXNativeTarget</string>
			<key>name</key>
			<string>PlayingWith500px</string>
			<key>productName</key>
			<string>PlayingWith500px</string>
			<key>productReference</key>
			<string>013189031AD55DF400DA4F6B</string>
			<key>productType</key>
			<string>com.apple.product-type.application</string>
		</dict>
		<key>013189031AD55DF400DA4F6B</key>
		<dict>
			<key>explicitFileType</key>
			<string>wrapper.application</string>
			<key>includeInIndex</key>
			<string>0</string>
			<key>isa</key>
			<string>PBXFileReference</string>
			<key>path</key>
			<string>PlayingWith500px.app</string>
			<key>sourceTree</key>
			<string>BUILT_PRODUCTS_DIR</string>
		</dict>
		<key>013189041AD55DF400DA4F6B</key>
		<dict>
			<key>children</key>
			<array>
				<string>013189031AD55DF400DA4F6B</string>
				<string>0131891F1AD55DF400DA4F6B</string>
			</array>
			<key>isa</key>
			<string>PBXGroup</string>
			<key>name</key>
			<string>Products</string>
			<key>sourceTree</key>
			<string>&lt;group&gt;</string>
		</dict>
		<key>013189051AD55DF400DA4F6B</key>
		<dict>
			<key>children</key>
			<array>
				<string>0131890A1AD55DF400DA4F6B</string>
				<string>0131890B1AD55DF400DA4F6B</string>
				<string>013189491AD575EC00DA4F6B</string>
				<string>013189581AD583E900DA4F6B</string>
				<string>013189641AD59A5200DA4F6B</string>
				<string>0131895C1AD593EE00DA4F6B</string>
				<string>0131892F1AD55EB500DA4F6B</string>
				<string>013189531AD5786400DA4F6B</string>
				<string>013189461AD572D800DA4F6B</string>
				<string>013189421AD5713D00DA4F6B</string>
				<string>013189331AD55ED400DA4F6B</string>
				<string>0131896C1AD5A06700DA4F6B</string>
				<string>013189681AD5A00000DA4F6B</string>
				<string>013189601AD5998E00DA4F6B</string>
				<string>013189341AD55EF000DA4F6B</string>
				<string>013189161AD55DF400DA4F6B</string>
				<string>013189181AD55DF400DA4F6B</string>
				<string>013189061AD55DF400DA4F6B</string>
			</array>
			<key>isa</key>
			<string>PBXGroup</string>
			<key>path</key>
			<string>PlayingWith500px</string>
			<key>sourceTree</key>
			<string>&lt;group&gt;</string>
		</dict>
		<key>013189061AD55DF400DA4F6B</key>
		<dict>
			<key>children</key>
			<array>
				<string>013189071AD55DF400DA4F6B</string>
				<string>013189081AD55DF400DA4F6B</string>
			</array>
			<key>isa</key>
			<string>PBXGroup</string>
			<key>name</key>
			<string>Supporting Files</string>
			<key>sourceTree</key>
			<string>&lt;group&gt;</string>
		</dict>
		<key>013189071AD55DF400DA4F6B</key>
		<dict>
			<key>isa</key>
			<string>PBXFileReference</string>
			<key>lastKnownFileType</key>
			<string>text.plist.xml</string>
			<key>path</key>
			<string>Info.plist</string>
			<key>sourceTree</key>
			<string>&lt;group&gt;</string>
		</dict>
		<key>013189081AD55DF400DA4F6B</key>
		<dict>
			<key>isa</key>
			<string>PBXFileReference</string>
			<key>lastKnownFileType</key>
			<string>sourcecode.c.objc</string>
			<key>path</key>
			<string>main.m</string>
			<key>sourceTree</key>
			<string>&lt;group&gt;</string>
		</dict>
		<key>013189091AD55DF400DA4F6B</key>
		<dict>
			<key>fileRef</key>
			<string>013189081AD55DF400DA4F6B</string>
			<key>isa</key>
			<string>PBXBuildFile</string>
		</dict>
		<key>0131890A1AD55DF400DA4F6B</key>
		<dict>
			<key>isa</key>
			<string>PBXFileReference</string>
			<key>lastKnownFileType</key>
			<string>sourcecode.c.h</string>
			<key>path</key>
			<string>AppDelegate.h</string>
			<key>sourceTree</key>
			<string>&lt;group&gt;</string>
		</dict>
		<key>0131890B1AD55DF400DA4F6B</key>
		<dict>
			<key>isa</key>
			<string>PBXFileReference</string>
			<key>lastKnownFileType</key>
			<string>sourcecode.c.objc</string>
			<key>path</key>
			<string>AppDelegate.m</string>
			<key>sourceTree</key>
			<string>&lt;group&gt;</string>
		</dict>
		<key>0131890C1AD55DF400DA4F6B</key>
		<dict>
			<key>fileRef</key>
			<string>0131890B1AD55DF400DA4F6B</string>
			<key>isa</key>
			<string>PBXBuildFile</string>
		</dict>
		<key>0131890D1AD55DF400DA4F6B</key>
		<dict>
			<key>children</key>
			<array>
				<string>0131890E1AD55DF400DA4F6B</string>
			</array>
			<key>currentVersion</key>
			<string>0131890E1AD55DF400DA4F6B</string>
			<key>isa</key>
			<string>XCVersionGroup</string>
			<key>path</key>
			<string>PlayingWith500px.xcdatamodeld</string>
			<key>sourceTree</key>
			<string>&lt;group&gt;</string>
			<key>versionGroupType</key>
			<string>wrapper.xcdatamodel</string>
		</dict>
		<key>0131890E1AD55DF400DA4F6B</key>
		<dict>
			<key>isa</key>
			<string>PBXFileReference</string>
			<key>lastKnownFileType</key>
			<string>wrapper.xcdatamodel</string>
			<key>path</key>
			<string>PlayingWith500px.xcdatamodel</string>
			<key>sourceTree</key>
			<string>&lt;group&gt;</string>
		</dict>
		<key>0131890F1AD55DF400DA4F6B</key>
		<dict>
			<key>fileRef</key>
			<string>0131890D1AD55DF400DA4F6B</string>
			<key>isa</key>
			<string>PBXBuildFile</string>
		</dict>
		<key>013189161AD55DF400DA4F6B</key>
		<dict>
			<key>isa</key>
			<string>PBXFileReference</string>
			<key>lastKnownFileType</key>
			<string>folder.assetcatalog</string>
			<key>path</key>
			<string>Images.xcassets</string>
			<key>sourceTree</key>
			<string>&lt;group&gt;</string>
		</dict>
		<key>013189171AD55DF400DA4F6B</key>
		<dict>
			<key>fileRef</key>
			<string>013189161AD55DF400DA4F6B</string>
			<key>isa</key>
			<string>PBXBuildFile</string>
		</dict>
		<key>013189181AD55DF400DA4F6B</key>
		<dict>
			<key>children</key>
			<array>
				<string>013189191AD55DF400DA4F6B</string>
			</array>
			<key>isa</key>
			<string>PBXVariantGroup</string>
			<key>name</key>
			<string>LaunchScreen.xib</string>
			<key>sourceTree</key>
			<string>&lt;group&gt;</string>
		</dict>
		<key>013189191AD55DF400DA4F6B</key>
		<dict>
			<key>isa</key>
			<string>PBXFileReference</string>
			<key>lastKnownFileType</key>
			<string>file.xib</string>
			<key>name</key>
			<string>Base</string>
			<key>path</key>
			<string>Base.lproj/LaunchScreen.xib</string>
			<key>sourceTree</key>
			<string>&lt;group&gt;</string>
		</dict>
		<key>0131891A1AD55DF400DA4F6B</key>
		<dict>
			<key>fileRef</key>
			<string>013189181AD55DF400DA4F6B</string>
			<key>isa</key>
			<string>PBXBuildFile</string>
		</dict>
		<key>0131891B1AD55DF400DA4F6B</key>
		<dict>
			<key>buildActionMask</key>
			<string>2147483647</string>
			<key>files</key>
			<array>
				<string>013189261AD55DF400DA4F6B</string>
			</array>
			<key>isa</key>
			<string>PBXSourcesBuildPhase</string>
			<key>runOnlyForDeploymentPostprocessing</key>
			<string>0</string>
		</dict>
		<key>0131891C1AD55DF400DA4F6B</key>
		<dict>
			<key>buildActionMask</key>
			<string>2147483647</string>
			<key>files</key>
			<array/>
			<key>isa</key>
			<string>PBXFrameworksBuildPhase</string>
			<key>runOnlyForDeploymentPostprocessing</key>
			<string>0</string>
		</dict>
		<key>0131891D1AD55DF400DA4F6B</key>
		<dict>
			<key>buildActionMask</key>
			<string>2147483647</string>
			<key>files</key>
			<array/>
			<key>isa</key>
			<string>PBXResourcesBuildPhase</string>
			<key>runOnlyForDeploymentPostprocessing</key>
			<string>0</string>
		</dict>
		<key>0131891E1AD55DF400DA4F6B</key>
		<dict>
			<key>buildConfigurationList</key>
			<string>0131892C1AD55DF400DA4F6B</string>
			<key>buildPhases</key>
			<array>
				<string>0131891B1AD55DF400DA4F6B</string>
				<string>0131891C1AD55DF400DA4F6B</string>
				<string>0131891D1AD55DF400DA4F6B</string>
			</array>
			<key>buildRules</key>
			<array/>
			<key>dependencies</key>
			<array>
				<string>013189211AD55DF400DA4F6B</string>
			</array>
			<key>isa</key>
			<string>PBXNativeTarget</string>
			<key>name</key>
			<string>PlayingWith500pxTests</string>
			<key>productName</key>
			<string>PlayingWith500pxTests</string>
			<key>productReference</key>
			<string>0131891F1AD55DF400DA4F6B</string>
			<key>productType</key>
			<string>com.apple.product-type.bundle.unit-test</string>
		</dict>
		<key>0131891F1AD55DF400DA4F6B</key>
		<dict>
			<key>explicitFileType</key>
			<string>wrapper.cfbundle</string>
			<key>includeInIndex</key>
			<string>0</string>
			<key>isa</key>
			<string>PBXFileReference</string>
			<key>path</key>
			<string>PlayingWith500pxTests.xctest</string>
			<key>sourceTree</key>
			<string>BUILT_PRODUCTS_DIR</string>
		</dict>
		<key>013189201AD55DF400DA4F6B</key>
		<dict>
			<key>containerPortal</key>
			<string>013188FB1AD55DF400DA4F6B</string>
			<key>isa</key>
			<string>PBXContainerItemProxy</string>
			<key>proxyType</key>
			<string>1</string>
			<key>remoteGlobalIDString</key>
			<string>013189021AD55DF400DA4F6B</string>
			<key>remoteInfo</key>
			<string>PlayingWith500px</string>
		</dict>
		<key>013189211AD55DF400DA4F6B</key>
		<dict>
			<key>isa</key>
			<string>PBXTargetDependency</string>
			<key>target</key>
			<string>013189021AD55DF400DA4F6B</string>
			<key>targetProxy</key>
			<string>013189201AD55DF400DA4F6B</string>
		</dict>
		<key>013189221AD55DF400DA4F6B</key>
		<dict>
			<key>children</key>
			<array>
				<string>013189251AD55DF400DA4F6B</string>
				<string>013189231AD55DF400DA4F6B</string>
			</array>
			<key>isa</key>
			<string>PBXGroup</string>
			<key>path</key>
			<string>PlayingWith500pxTests</string>
			<key>sourceTree</key>
			<string>&lt;group&gt;</string>
		</dict>
		<key>013189231AD55DF400DA4F6B</key>
		<dict>
			<key>children</key>
			<array>
				<string>013189241AD55DF400DA4F6B</string>
			</array>
			<key>isa</key>
			<string>PBXGroup</string>
			<key>name</key>
			<string>Supporting Files</string>
			<key>sourceTree</key>
			<string>&lt;group&gt;</string>
		</dict>
		<key>013189241AD55DF400DA4F6B</key>
		<dict>
			<key>isa</key>
			<string>PBXFileReference</string>
			<key>lastKnownFileType</key>
			<string>text.plist.xml</string>
			<key>path</key>
			<string>Info.plist</string>
			<key>sourceTree</key>
			<string>&lt;group&gt;</string>
		</dict>
		<key>013189251AD55DF400DA4F6B</key>
		<dict>
			<key>isa</key>
			<string>PBXFileReference</string>
			<key>lastKnownFileType</key>
			<string>sourcecode.c.objc</string>
			<key>path</key>
			<string>PlayingWith500pxTests.m</string>
			<key>sourceTree</key>
			<string>&lt;group&gt;</string>
		</dict>
		<key>013189261AD55DF400DA4F6B</key>
		<dict>
			<key>fileRef</key>
			<string>013189251AD55DF400DA4F6B</string>
			<key>isa</key>
			<string>PBXBuildFile</string>
		</dict>
		<key>013189271AD55DF400DA4F6B</key>
		<dict>
			<key>buildSettings</key>
			<dict>
				<key>ALWAYS_SEARCH_USER_PATHS</key>
				<string>NO</string>
				<key>CLANG_CXX_LANGUAGE_STANDARD</key>
				<string>gnu++0x</string>
				<key>CLANG_CXX_LIBRARY</key>
				<string>libc++</string>
				<key>CLANG_ENABLE_MODULES</key>
				<string>YES</string>
				<key>CLANG_ENABLE_OBJC_ARC</key>
				<string>YES</string>
				<key>CLANG_WARN_BOOL_CONVERSION</key>
				<string>YES</string>
				<key>CLANG_WARN_CONSTANT_CONVERSION</key>
				<string>YES</string>
				<key>CLANG_WARN_DIRECT_OBJC_ISA_USAGE</key>
				<string>YES_ERROR</string>
				<key>CLANG_WARN_EMPTY_BODY</key>
				<string>YES</string>
				<key>CLANG_WARN_ENUM_CONVERSION</key>
				<string>YES</string>
				<key>CLANG_WARN_INT_CONVERSION</key>
				<string>YES</string>
				<key>CLANG_WARN_OBJC_ROOT_CLASS</key>
				<string>YES_ERROR</string>
				<key>CLANG_WARN_UNREACHABLE_CODE</key>
				<string>YES</string>
				<key>CLANG_WARN__DUPLICATE_METHOD_MATCH</key>
				<string>YES</string>
				<key>CODE_SIGN_IDENTITY[sdk=iphoneos*]</key>
				<string>iPhone Developer</string>
				<key>COPY_PHASE_STRIP</key>
				<string>NO</string>
				<key>ENABLE_STRICT_OBJC_MSGSEND</key>
				<string>YES</string>
				<key>GCC_C_LANGUAGE_STANDARD</key>
				<string>gnu99</string>
				<key>GCC_DYNAMIC_NO_PIC</key>
				<string>NO</string>
				<key>GCC_OPTIMIZATION_LEVEL</key>
				<string>0</string>
				<key>GCC_PREPROCESSOR_DEFINITIONS</key>
				<array>
					<string>DEBUG=1</string>
					<string>$(inherited)</string>
				</array>
				<key>GCC_SYMBOLS_PRIVATE_EXTERN</key>
				<string>NO</string>
				<key>GCC_WARN_64_TO_32_BIT_CONVERSION</key>
				<string>YES</string>
				<key>GCC_WARN_ABOUT_RETURN_TYPE</key>
				<string>YES_ERROR</string>
				<key>GCC_WARN_UNDECLARED_SELECTOR</key>
				<string>YES</string>
				<key>GCC_WARN_UNINITIALIZED_AUTOS</key>
				<string>YES_AGGRESSIVE</string>
				<key>GCC_WARN_UNUSED_FUNCTION</key>
				<string>YES</string>
				<key>GCC_WARN_UNUSED_VARIABLE</key>
				<string>YES</string>
				<key>IPHONEOS_DEPLOYMENT_TARGET</key>
				<string>8.2</string>
				<key>MTL_ENABLE_DEBUG_INFO</key>
				<string>YES</string>
				<key>ONLY_ACTIVE_ARCH</key>
				<string>YES</string>
				<key>SDKROOT</key>
				<string>iphoneos</string>
			</dict>
			<key>isa</key>
			<string>XCBuildConfiguration</string>
			<key>name</key>
			<string>Debug</string>
		</dict>
		<key>013189281AD55DF400DA4F6B</key>
		<dict>
			<key>buildSettings</key>
			<dict>
				<key>ALWAYS_SEARCH_USER_PATHS</key>
				<string>NO</string>
				<key>CLANG_CXX_LANGUAGE_STANDARD</key>
				<string>gnu++0x</string>
				<key>CLANG_CXX_LIBRARY</key>
				<string>libc++</string>
				<key>CLANG_ENABLE_MODULES</key>
				<string>YES</string>
				<key>CLANG_ENABLE_OBJC_ARC</key>
				<string>YES</string>
				<key>CLANG_WARN_BOOL_CONVERSION</key>
				<string>YES</string>
				<key>CLANG_WARN_CONSTANT_CONVERSION</key>
				<string>YES</string>
				<key>CLANG_WARN_DIRECT_OBJC_ISA_USAGE</key>
				<string>YES_ERROR</string>
				<key>CLANG_WARN_EMPTY_BODY</key>
				<string>YES</string>
				<key>CLANG_WARN_ENUM_CONVERSION</key>
				<string>YES</string>
				<key>CLANG_WARN_INT_CONVERSION</key>
				<string>YES</string>
				<key>CLANG_WARN_OBJC_ROOT_CLASS</key>
				<string>YES_ERROR</string>
				<key>CLANG_WARN_UNREACHABLE_CODE</key>
				<string>YES</string>
				<key>CLANG_WARN__DUPLICATE_METHOD_MATCH</key>
				<string>YES</string>
				<key>CODE_SIGN_IDENTITY[sdk=iphoneos*]</key>
				<string>iPhone Developer</string>
				<key>COPY_PHASE_STRIP</key>
				<string>NO</string>
				<key>ENABLE_NS_ASSERTIONS</key>
				<string>NO</string>
				<key>ENABLE_STRICT_OBJC_MSGSEND</key>
				<string>YES</string>
				<key>GCC_C_LANGUAGE_STANDARD</key>
				<string>gnu99</string>
				<key>GCC_WARN_64_TO_32_BIT_CONVERSION</key>
				<string>YES</string>
				<key>GCC_WARN_ABOUT_RETURN_TYPE</key>
				<string>YES_ERROR</string>
				<key>GCC_WARN_UNDECLARED_SELECTOR</key>
				<string>YES</string>
				<key>GCC_WARN_UNINITIALIZED_AUTOS</key>
				<string>YES_AGGRESSIVE</string>
				<key>GCC_WARN_UNUSED_FUNCTION</key>
				<string>YES</string>
				<key>GCC_WARN_UNUSED_VARIABLE</key>
				<string>YES</string>
				<key>IPHONEOS_DEPLOYMENT_TARGET</key>
				<string>8.2</string>
				<key>MTL_ENABLE_DEBUG_INFO</key>
				<string>NO</string>
				<key>SDKROOT</key>
				<string>iphoneos</string>
				<key>VALIDATE_PRODUCT</key>
				<string>YES</string>
			</dict>
			<key>isa</key>
			<string>XCBuildConfiguration</string>
			<key>name</key>
			<string>Release</string>
		</dict>
		<key>013189291AD55DF400DA4F6B</key>
		<dict>
			<key>buildConfigurations</key>
			<array>
				<string>0131892A1AD55DF400DA4F6B</string>
				<string>0131892B1AD55DF400DA4F6B</string>
			</array>
			<key>defaultConfigurationIsVisible</key>
			<string>0</string>
			<key>isa</key>
			<string>XCConfigurationList</string>
		</dict>
		<key>0131892A1AD55DF400DA4F6B</key>
		<dict>
			<key>baseConfigurationReference</key>
			<string>7ACC1647D65B3FC2C94DC621</string>
			<key>buildSettings</key>
			<dict>
				<key>ASSETCATALOG_COMPILER_APPICON_NAME</key>
				<string>AppIcon</string>
				<key>INFOPLIST_FILE</key>
				<string>PlayingWith500px/Info.plist</string>
				<key>LD_RUNPATH_SEARCH_PATHS</key>
				<string>$(inherited) @executable_path/Frameworks</string>
				<key>PRODUCT_NAME</key>
				<string>$(TARGET_NAME)</string>
			</dict>
			<key>isa</key>
			<string>XCBuildConfiguration</string>
			<key>name</key>
			<string>Debug</string>
		</dict>
		<key>0131892B1AD55DF400DA4F6B</key>
		<dict>
			<key>baseConfigurationReference</key>
			<string>BB033E5FCC04955B84B7FCFE</string>
			<key>buildSettings</key>
			<dict>
				<key>ASSETCATALOG_COMPILER_APPICON_NAME</key>
				<string>AppIcon</string>
				<key>INFOPLIST_FILE</key>
				<string>PlayingWith500px/Info.plist</string>
				<key>LD_RUNPATH_SEARCH_PATHS</key>
				<string>$(inherited) @executable_path/Frameworks</string>
				<key>PRODUCT_NAME</key>
				<string>$(TARGET_NAME)</string>
			</dict>
			<key>isa</key>
			<string>XCBuildConfiguration</string>
			<key>name</key>
			<string>Release</string>
		</dict>
		<key>0131892C1AD55DF400DA4F6B</key>
		<dict>
			<key>buildConfigurations</key>
			<array>
				<string>0131892D1AD55DF400DA4F6B</string>
				<string>0131892E1AD55DF400DA4F6B</string>
			</array>
			<key>defaultConfigurationIsVisible</key>
			<string>0</string>
			<key>isa</key>
			<string>XCConfigurationList</string>
		</dict>
		<key>0131892D1AD55DF400DA4F6B</key>
		<dict>
			<key>buildSettings</key>
			<dict>
				<key>BUNDLE_LOADER</key>
				<string>$(TEST_HOST)</string>
				<key>FRAMEWORK_SEARCH_PATHS</key>
				<array>
					<string>$(SDKROOT)/Developer/Library/Frameworks</string>
					<string>$(inherited)</string>
				</array>
				<key>GCC_PREPROCESSOR_DEFINITIONS</key>
				<array>
					<string>DEBUG=1</string>
					<string>$(inherited)</string>
				</array>
				<key>INFOPLIST_FILE</key>
				<string>PlayingWith500pxTests/Info.plist</string>
				<key>LD_RUNPATH_SEARCH_PATHS</key>
				<string>$(inherited) @executable_path/Frameworks @loader_path/Frameworks</string>
				<key>PRODUCT_NAME</key>
				<string>$(TARGET_NAME)</string>
				<key>TEST_HOST</key>
				<string>$(BUILT_PRODUCTS_DIR)/PlayingWith500px.app/PlayingWith500px</string>
			</dict>
			<key>isa</key>
			<string>XCBuildConfiguration</string>
			<key>name</key>
			<string>Debug</string>
		</dict>
		<key>0131892E1AD55DF400DA4F6B</key>
		<dict>
			<key>buildSettings</key>
			<dict>
				<key>BUNDLE_LOADER</key>
				<string>$(TEST_HOST)</string>
				<key>FRAMEWORK_SEARCH_PATHS</key>
				<array>
					<string>$(SDKROOT)/Developer/Library/Frameworks</string>
					<string>$(inherited)</string>
				</array>
				<key>INFOPLIST_FILE</key>
				<string>PlayingWith500pxTests/Info.plist</string>
				<key>LD_RUNPATH_SEARCH_PATHS</key>
				<string>$(inherited) @executable_path/Frameworks @loader_path/Frameworks</string>
				<key>PRODUCT_NAME</key>
				<string>$(TARGET_NAME)</string>
				<key>TEST_HOST</key>
				<string>$(BUILT_PRODUCTS_DIR)/PlayingWith500px.app/PlayingWith500px</string>
			</dict>
			<key>isa</key>
			<string>XCBuildConfiguration</string>
			<key>name</key>
			<string>Release</string>
		</dict>
		<key>0131892F1AD55EB500DA4F6B</key>
		<dict>
			<key>children</key>
			<array>
				<string>013189301AD55ECE00DA4F6B</string>
				<string>013189311AD55ECE00DA4F6B</string>
			</array>
			<key>isa</key>
			<string>PBXGroup</string>
			<key>name</key>
			<string>Routers</string>
			<key>sourceTree</key>
			<string>&lt;group&gt;</string>
		</dict>
		<key>013189301AD55ECE00DA4F6B</key>
		<dict>
			<key>fileEncoding</key>
			<string>4</string>
			<key>isa</key>
			<string>PBXFileReference</string>
			<key>lastKnownFileType</key>
			<string>sourcecode.c.h</string>
			<key>name</key>
			<string>PopularPhotosRouter.h</string>
			<key>path</key>
			<string>Routers/PopularPhotosRouter.h</string>
			<key>sourceTree</key>
			<string>&lt;group&gt;</string>
		</dict>
		<key>013189311AD55ECE00DA4F6B</key>
		<dict>
			<key>fileEncoding</key>
			<string>4</string>
			<key>isa</key>
			<string>PBXFileReference</string>
			<key>lastKnownFileType</key>
			<string>sourcecode.c.objc</string>
			<key>name</key>
			<string>PopularPhotosRouter.m</string>
			<key>path</key>
			<string>Routers/PopularPhotosRouter.m</string>
			<key>sourceTree</key>
			<string>&lt;group&gt;</string>
		</dict>
		<key>013189321AD55ECE00DA4F6B</key>
		<dict>
			<key>fileRef</key>
			<string>013189311AD55ECE00DA4F6B</string>
			<key>isa</key>
			<string>PBXBuildFile</string>
		</dict>
		<key>013189331AD55ED400DA4F6B</key>
		<dict>
			<key>children</key>
			<array>
				<string>0131893A1AD56F5200DA4F6B</string>
				<string>0131893B1AD56F5200DA4F6B</string>
				<string>0131893C1AD56F5200DA4F6B</string>
			</array>
			<key>isa</key>
			<string>PBXGroup</string>
			<key>name</key>
			<string>ViewControllers</string>
			<key>sourceTree</key>
			<string>&lt;group&gt;</string>
		</dict>
		<key>013189341AD55EF000DA4F6B</key>
		<dict>
			<key>children</key>
			<array>
				<string>0131890D1AD55DF400DA4F6B</string>
				<string>0131893F1AD5706E00DA4F6B</string>
				<string>013189401AD5706E00DA4F6B</string>
			</array>
			<key>isa</key>
			<string>PBXGroup</string>
			<key>name</key>
			<string>CoreData</string>
			<key>sourceTree</key>
			<string>&lt;group&gt;</string>
		</dict>
		<key>0131893A1AD56F5200DA4F6B</key>
		<dict>
			<key>fileEncoding</key>
			<string>4</string>
			<key>isa</key>
			<string>PBXFileReference</string>
			<key>lastKnownFileType</key>
			<string>sourcecode.c.h</string>
			<key>name</key>
			<string>PopularPhotosViewController.h</string>
			<key>path</key>
			<string>ViewControllers/PopularPhotosViewController.h</string>
			<key>sourceTree</key>
			<string>&lt;group&gt;</string>
		</dict>
		<key>0131893B1AD56F5200DA4F6B</key>
		<dict>
			<key>fileEncoding</key>
			<string>4</string>
			<key>isa</key>
			<string>PBXFileReference</string>
			<key>lastKnownFileType</key>
			<string>sourcecode.c.objc</string>
			<key>name</key>
			<string>PopularPhotosViewController.m</string>
			<key>path</key>
			<string>ViewControllers/PopularPhotosViewController.m</string>
			<key>sourceTree</key>
			<string>&lt;group&gt;</string>
		</dict>
		<key>0131893C1AD56F5200DA4F6B</key>
		<dict>
			<key>fileEncoding</key>
			<string>4</string>
			<key>isa</key>
			<string>PBXFileReference</string>
			<key>lastKnownFileType</key>
			<string>file.xib</string>
			<key>name</key>
			<string>PopularPhotosViewController.xib</string>
			<key>path</key>
			<string>ViewControllers/PopularPhotosViewController.xib</string>
			<key>sourceTree</key>
			<string>&lt;group&gt;</string>
		</dict>
		<key>0131893D1AD56F5200DA4F6B</key>
		<dict>
			<key>fileRef</key>
			<string>0131893B1AD56F5200DA4F6B</string>
			<key>isa</key>
			<string>PBXBuildFile</string>
		</dict>
		<key>0131893E1AD56F5200DA4F6B</key>
		<dict>
			<key>fileRef</key>
			<string>0131893C1AD56F5200DA4F6B</string>
			<key>isa</key>
			<string>PBXBuildFile</string>
		</dict>
		<key>0131893F1AD5706E00DA4F6B</key>
		<dict>
			<key>fileEncoding</key>
			<string>4</string>
			<key>isa</key>
			<string>PBXFileReference</string>
			<key>lastKnownFileType</key>
			<string>sourcecode.c.h</string>
			<key>name</key>
			<string>CoreDataStack.h</string>
			<key>path</key>
			<string>CoreData/CoreDataStack.h</string>
			<key>sourceTree</key>
			<string>&lt;group&gt;</string>
		</dict>
		<key>013189401AD5706E00DA4F6B</key>
		<dict>
			<key>fileEncoding</key>
			<string>4</string>
			<key>isa</key>
			<string>PBXFileReference</string>
			<key>lastKnownFileType</key>
			<string>sourcecode.c.objc</string>
			<key>name</key>
			<string>CoreDataStack.m</string>
			<key>path</key>
			<string>CoreData/CoreDataStack.m</string>
			<key>sourceTree</key>
			<string>&lt;group&gt;</string>
		</dict>
		<key>013189411AD5706E00DA4F6B</key>
		<dict>
			<key>fileRef</key>
			<string>013189401AD5706E00DA4F6B</string>
			<key>isa</key>
			<string>PBXBuildFile</string>
		</dict>
		<key>013189421AD5713D00DA4F6B</key>
		<dict>
			<key>children</key>
			<array>
				<string>013189431AD5715E00DA4F6B</string>
				<string>013189441AD5715E00DA4F6B</string>
			</array>
			<key>isa</key>
			<string>PBXGroup</string>
			<key>name</key>
			<string>Interactors</string>
			<key>sourceTree</key>
			<string>&lt;group&gt;</string>
		</dict>
		<key>013189431AD5715E00DA4F6B</key>
		<dict>
			<key>fileEncoding</key>
			<string>4</string>
			<key>isa</key>
			<string>PBXFileReference</string>
			<key>lastKnownFileType</key>
			<string>sourcecode.c.h</string>
			<key>name</key>
			<string>LoadPopularPhotosInteractor.h</string>
			<key>path</key>
			<string>Interactors/LoadPopularPhotosInteractor.h</string>
			<key>sourceTree</key>
			<string>&lt;group&gt;</string>
		</dict>
		<key>013189441AD5715E00DA4F6B</key>
		<dict>
			<key>fileEncoding</key>
			<string>4</string>
			<key>isa</key>
			<string>PBXFileReference</string>
			<key>lastKnownFileType</key>
			<string>sourcecode.c.objc</string>
			<key>name</key>
			<string>LoadPopularPhotosInteractor.m</string>
			<key>path</key>
			<string>Interactors/LoadPopularPhotosInteractor.m</string>
			<key>sourceTree</key>
			<string>&lt;group&gt;</string>
		</dict>
		<key>013189451AD5715E00DA4F6B</key>
		<dict>
			<key>fileRef</key>
			<string>013189441AD5715E00DA4F6B</string>
			<key>isa</key>
			<string>PBXBuildFile</string>
		</dict>
		<key>013189461AD572D800DA4F6B</key>
		<dict>
			<key>children</key>
			<array>
				<string>013189471AD572F500DA4F6B</string>
				<string>013189481AD573AB00DA4F6B</string>
				<string>013189501AD5779700DA4F6B</string>
				<string>013189511AD5779700DA4F6B</string>
			</array>
			<key>isa</key>
			<string>PBXGroup</string>
			<key>name</key>
			<string>Providers</string>
			<key>sourceTree</key>
			<string>&lt;group&gt;</string>
		</dict>
		<key>013189471AD572F500DA4F6B</key>
		<dict>
			<key>fileEncoding</key>
			<string>4</string>
			<key>isa</key>
			<string>PBXFileReference</string>
			<key>lastKnownFileType</key>
			<string>sourcecode.c.h</string>
			<key>name</key>
			<string>LocalPhotosProvider.h</string>
			<key>path</key>
			<string>Providers/LocalPhotosProvider.h</string>
			<key>sourceTree</key>
			<string>&lt;group&gt;</string>
		</dict>
		<key>013189481AD573AB00DA4F6B</key>
		<dict>
			<key>fileEncoding</key>
			<string>4</string>
			<key>isa</key>
			<string>PBXFileReference</string>
			<key>lastKnownFileType</key>
			<string>sourcecode.c.h</string>
			<key>name</key>
			<string>ExternalPhotosProvider.h</string>
			<key>path</key>
			<string>Providers/ExternalPhotosProvider.h</string>
			<key>sourceTree</key>
			<string>&lt;group&gt;</string>
		</dict>
		<key>013189491AD575EC00DA4F6B</key>
		<dict>
			<key>children</key>
			<array>
				<string>0131894A1AD5760100DA4F6B</string>
				<string>0131894B1AD5760100DA4F6B</string>
			</array>
			<key>isa</key>
			<string>PBXGroup</string>
			<key>name</key>
			<string>Master</string>
			<key>sourceTree</key>
			<string>&lt;group&gt;</string>
		</dict>
		<key>0131894A1AD5760100DA4F6B</key>
		<dict>
			<key>fileEncoding</key>
			<string>4</string>
			<key>isa</key>
			<string>PBXFileReference</string>
			<key>lastKnownFileType</key>
			<string>sourcecode.c.h</string>
			<key>name</key>
			<string>APIVars.h</string>
			<key>path</key>
			<string>Master/APIVars.h</string>
			<key>sourceTree</key>
			<string>&lt;group&gt;</string>
		</dict>
		<key>0131894B1AD5760100DA4F6B</key>
		<dict>
			<key>fileEncoding</key>
			<string>4</string>
			<key>isa</key>
			<string>PBXFileReference</string>
			<key>lastKnownFileType</key>
			<string>sourcecode.c.objc</string>
			<key>name</key>
			<string>APIVars.m</string>
			<key>path</key>
			<string>Master/APIVars.m</string>
			<key>sourceTree</key>
			<string>&lt;group&gt;</string>
		</dict>
		<key>0131894C1AD5760100DA4F6B</key>
		<dict>
			<key>fileRef</key>
			<string>0131894B1AD5760100DA4F6B</string>
			<key>isa</key>
			<string>PBXBuildFile</string>
		</dict>
		<key>013189501AD5779700DA4F6B</key>
		<dict>
			<key>fileEncoding</key>
			<string>4</string>
			<key>isa</key>
			<string>PBXFileReference</string>
			<key>lastKnownFileType</key>
			<string>sourcecode.c.h</string>
			<key>name</key>
			<string>FiveHungredpxExternalPhotosProvider.h</string>
			<key>path</key>
			<string>Providers/FiveHungredpxExternalPhotosProvider.h</string>
			<key>sourceTree</key>
			<string>&lt;group&gt;</string>
		</dict>
		<key>013189511AD5779700DA4F6B</key>
		<dict>
			<key>fileEncoding</key>
			<string>4</string>
			<key>isa</key>
			<string>PBXFileReference</string>
			<key>lastKnownFileType</key>
			<string>sourcecode.c.objc</string>
			<key>name</key>
			<string>FiveHungredpxExternalPhotosProvider.m</string>
			<key>path</key>
			<string>Providers/FiveHungredpxExternalPhotosProvider.m</string>
			<key>sourceTree</key>
			<string>&lt;group&gt;</string>
		</dict>
		<key>013189521AD5779700DA4F6B</key>
		<dict>
			<key>fileRef</key>
			<string>013189511AD5779700DA4F6B</string>
			<key>isa</key>
			<string>PBXBuildFile</string>
		</dict>
		<key>013189531AD5786400DA4F6B</key>
		<dict>
			<key>children</key>
			<array>
				<string>013189541AD5789200DA4F6B</string>
				<string>013189551AD57CEC00DA4F6B</string>
				<string>013189561AD57CEC00DA4F6B</string>
			</array>
			<key>isa</key>
			<string>PBXGroup</string>
			<key>name</key>
			<string>RequestManagers</string>
			<key>sourceTree</key>
			<string>&lt;group&gt;</string>
		</dict>
		<key>013189541AD5789200DA4F6B</key>
		<dict>
			<key>fileEncoding</key>
			<string>4</string>
			<key>isa</key>
			<string>PBXFileReference</string>
			<key>lastKnownFileType</key>
			<string>sourcecode.c.h</string>
			<key>name</key>
			<string>RequestManager.h</string>
			<key>path</key>
			<string>RequestManagers/RequestManager.h</string>
			<key>sourceTree</key>
			<string>&lt;group&gt;</string>
		</dict>
		<key>013189551AD57CEC00DA4F6B</key>
		<dict>
			<key>fileEncoding</key>
			<string>4</string>
			<key>isa</key>
			<string>PBXFileReference</string>
			<key>lastKnownFileType</key>
			<string>sourcecode.c.h</string>
			<key>name</key>
			<string>CustomRequestManager.h</string>
			<key>path</key>
			<string>RequestManagers/CustomRequestManager.h</string>
			<key>sourceTree</key>
			<string>&lt;group&gt;</string>
		</dict>
		<key>013189561AD57CEC00DA4F6B</key>
		<dict>
			<key>fileEncoding</key>
			<string>4</string>
			<key>isa</key>
			<string>PBXFileReference</string>
			<key>lastKnownFileType</key>
			<string>sourcecode.c.objc</string>
			<key>name</key>
			<string>CustomRequestManager.m</string>
			<key>path</key>
			<string>RequestManagers/CustomRequestManager.m</string>
			<key>sourceTree</key>
			<string>&lt;group&gt;</string>
		</dict>
		<key>013189571AD57CEC00DA4F6B</key>
		<dict>
			<key>fileRef</key>
			<string>013189561AD57CEC00DA4F6B</string>
			<key>isa</key>
			<string>PBXBuildFile</string>
		</dict>
		<key>013189581AD583E900DA4F6B</key>
		<dict>
			<key>children</key>
			<array>
				<string>013189591AD5840800DA4F6B</string>
				<string>0131895A1AD5840800DA4F6B</string>
			</array>
			<key>isa</key>
			<string>PBXGroup</string>
			<key>name</key>
			<string>Helpers</string>
			<key>sourceTree</key>
			<string>&lt;group&gt;</string>
		</dict>
		<key>013189591AD5840800DA4F6B</key>
		<dict>
			<key>fileEncoding</key>
			<string>4</string>
			<key>isa</key>
			<string>PBXFileReference</string>
			<key>lastKnownFileType</key>
			<string>sourcecode.c.h</string>
			<key>name</key>
			<string>URLHelper.h</string>
			<key>path</key>
			<string>Helpers/URLHelper.h</string>
			<key>sourceTree</key>
			<string>&lt;group&gt;</string>
		</dict>
		<key>0131895A1AD5840800DA4F6B</key>
		<dict>
			<key>fileEncoding</key>
			<string>4</string>
			<key>isa</key>
			<string>PBXFileReference</string>
			<key>lastKnownFileType</key>
			<string>sourcecode.c.objc</string>
			<key>name</key>
			<string>URLHelper.m</string>
			<key>path</key>
			<string>Helpers/URLHelper.m</string>
			<key>sourceTree</key>
			<string>&lt;group&gt;</string>
		</dict>
		<key>0131895B1AD5840800DA4F6B</key>
		<dict>
			<key>fileRef</key>
			<string>0131895A1AD5840800DA4F6B</string>
			<key>isa</key>
			<string>PBXBuildFile</string>
		</dict>
		<key>0131895C1AD593EE00DA4F6B</key>
		<dict>
			<key>children</key>
			<array>
				<string>0131895D1AD5940300DA4F6B</string>
				<string>0131895E1AD5940300DA4F6B</string>
			</array>
			<key>isa</key>
			<string>PBXGroup</string>
			<key>name</key>
			<string>Factories</string>
			<key>sourceTree</key>
			<string>&lt;group&gt;</string>
		</dict>
		<key>0131895D1AD5940300DA4F6B</key>
		<dict>
			<key>fileEncoding</key>
			<string>4</string>
			<key>isa</key>
			<string>PBXFileReference</string>
			<key>lastKnownFileType</key>
			<string>sourcecode.c.h</string>
			<key>name</key>
			<string>RequestManagerFactory.h</string>
			<key>path</key>
			<string>Factories/RequestManagerFactory.h</string>
			<key>sourceTree</key>
			<string>&lt;group&gt;</string>
		</dict>
		<key>0131895E1AD5940300DA4F6B</key>
		<dict>
			<key>fileEncoding</key>
			<string>4</string>
			<key>isa</key>
			<string>PBXFileReference</string>
			<key>lastKnownFileType</key>
			<string>sourcecode.c.objc</string>
			<key>name</key>
			<string>RequestManagerFactory.m</string>
			<key>path</key>
			<string>Factories/RequestManagerFactory.m</string>
			<key>sourceTree</key>
			<string>&lt;group&gt;</string>
		</dict>
		<key>0131895F1AD5940300DA4F6B</key>
		<dict>
			<key>fileRef</key>
			<string>0131895E1AD5940300DA4F6B</string>
			<key>isa</key>
			<string>PBXBuildFile</string>
		</dict>
		<key>013189601AD5998E00DA4F6B</key>
		<dict>
			<key>children</key>
			<array>
				<string>013189611AD599B100DA4F6B</string>
				<string>013189621AD599B100DA4F6B</string>
			</array>
			<key>isa</key>
			<string>PBXGroup</string>
			<key>name</key>
			<string>PONSOS</string>
			<key>sourceTree</key>
			<string>&lt;group&gt;</string>
		</dict>
		<key>013189611AD599B100DA4F6B</key>
		<dict>
			<key>fileEncoding</key>
			<string>4</string>
			<key>isa</key>
			<string>PBXFileReference</string>
			<key>lastKnownFileType</key>
			<string>sourcecode.c.h</string>
			<key>name</key>
			<string>Photo.h</string>
			<key>path</key>
			<string>PONSOS/Photo.h</string>
			<key>sourceTree</key>
			<string>&lt;group&gt;</string>
		</dict>
		<key>013189621AD599B100DA4F6B</key>
		<dict>
			<key>fileEncoding</key>
			<string>4</string>
			<key>isa</key>
			<string>PBXFileReference</string>
			<key>lastKnownFileType</key>
			<string>sourcecode.c.objc</string>
			<key>name</key>
			<string>Photo.m</string>
			<key>path</key>
			<string>PONSOS/Photo.m</string>
			<key>sourceTree</key>
			<string>&lt;group&gt;</string>
		</dict>
		<key>013189631AD599B100DA4F6B</key>
		<dict>
			<key>fileRef</key>
			<string>013189621AD599B100DA4F6B</string>
			<key>isa</key>
			<string>PBXBuildFile</string>
		</dict>
		<key>013189641AD59A5200DA4F6B</key>
		<dict>
			<key>children</key>
			<array>
				<string>013189651AD59A6800DA4F6B</string>
				<string>013189661AD59A6800DA4F6B</string>
			</array>
			<key>isa</key>
			<string>PBXGroup</string>
			<key>name</key>
			<string>Parsers</string>
			<key>sourceTree</key>
			<string>&lt;group&gt;</string>
		</dict>
		<key>013189651AD59A6800DA4F6B</key>
		<dict>
			<key>fileEncoding</key>
			<string>4</string>
			<key>isa</key>
			<string>PBXFileReference</string>
			<key>lastKnownFileType</key>
			<string>sourcecode.c.h</string>
			<key>name</key>
			<string>PhotoParser.h</string>
			<key>path</key>
			<string>Parsers/PhotoParser.h</string>
			<key>sourceTree</key>
			<string>&lt;group&gt;</string>
		</dict>
		<key>013189661AD59A6800DA4F6B</key>
		<dict>
			<key>fileEncoding</key>
			<string>4</string>
			<key>isa</key>
			<string>PBXFileReference</string>
			<key>lastKnownFileType</key>
			<string>sourcecode.c.objc</string>
			<key>name</key>
			<string>PhotoParser.m</string>
			<key>path</key>
			<string>Parsers/PhotoParser.m</string>
			<key>sourceTree</key>
			<string>&lt;group&gt;</string>
		</dict>
		<key>013189671AD59A6800DA4F6B</key>
		<dict>
			<key>fileRef</key>
			<string>013189661AD59A6800DA4F6B</string>
			<key>isa</key>
			<string>PBXBuildFile</string>
		</dict>
		<key>013189681AD5A00000DA4F6B</key>
		<dict>
			<key>children</key>
			<array>
				<string>013189691AD5A02000DA4F6B</string>
				<string>0131896A1AD5A02000DA4F6B</string>
			</array>
			<key>isa</key>
			<string>PBXGroup</string>
			<key>name</key>
			<string>Controllers</string>
			<key>sourceTree</key>
			<string>&lt;group&gt;</string>
		</dict>
		<key>013189691AD5A02000DA4F6B</key>
		<dict>
			<key>fileEncoding</key>
			<string>4</string>
			<key>isa</key>
			<string>PBXFileReference</string>
			<key>lastKnownFileType</key>
			<string>sourcecode.c.h</string>
			<key>name</key>
			<string>PopularPhotoCollectionViewCellController.h</string>
			<key>path</key>
			<string>Controllers/PopularPhotoCollectionViewCellController.h</string>
			<key>sourceTree</key>
			<string>&lt;group&gt;</string>
		</dict>
		<key>0131896A1AD5A02000DA4F6B</key>
		<dict>
			<key>fileEncoding</key>
			<string>4</string>
			<key>isa</key>
			<string>PBXFileReference</string>
			<key>lastKnownFileType</key>
			<string>sourcecode.c.objc</string>
			<key>name</key>
			<string>PopularPhotoCollectionViewCellController.m</string>
			<key>path</key>
			<string>Controllers/PopularPhotoCollectionViewCellController.m</string>
			<key>sourceTree</key>
			<string>&lt;group&gt;</string>
		</dict>
		<key>0131896B1AD5A02000DA4F6B</key>
		<dict>
			<key>fileRef</key>
			<string>0131896A1AD5A02000DA4F6B</string>
			<key>isa</key>
			<string>PBXBuildFile</string>
		</dict>
		<key>0131896C1AD5A06700DA4F6B</key>
		<dict>
			<key>children</key>
			<array>
				<string>0131896D1AD5A09B00DA4F6B</string>
				<string>0131896E1AD5A09B00DA4F6B</string>
				<string>0131896F1AD5A09B00DA4F6B</string>
			</array>
			<key>isa</key>
			<string>PBXGroup</string>
			<key>name</key>
			<string>Cells</string>
			<key>sourceTree</key>
			<string>&lt;group&gt;</string>
		</dict>
		<key>0131896D1AD5A09B00DA4F6B</key>
		<dict>
			<key>fileEncoding</key>
			<string>4</string>
			<key>isa</key>
			<string>PBXFileReference</string>
			<key>lastKnownFileType</key>
			<string>sourcecode.c.h</string>
			<key>name</key>
			<string>PopularPhotoCollectionViewCell.h</string>
			<key>path</key>
			<string>Cells/PopularPhotoCollectionViewCell.h</string>
			<key>sourceTree</key>
			<string>&lt;group&gt;</string>
		</dict>
		<key>0131896E1AD5A09B00DA4F6B</key>
		<dict>
			<key>fileEncoding</key>
			<string>4</string>
			<key>isa</key>
			<string>PBXFileReference</string>
			<key>lastKnownFileType</key>
			<string>sourcecode.c.objc</string>
			<key>name</key>
			<string>PopularPhotoCollectionViewCell.m</string>
			<key>path</key>
			<string>Cells/PopularPhotoCollectionViewCell.m</string>
			<key>sourceTree</key>
			<string>&lt;group&gt;</string>
		</dict>
		<key>0131896F1AD5A09B00DA4F6B</key>
		<dict>
			<key>fileEncoding</key>
			<string>4</string>
			<key>isa</key>
			<string>PBXFileReference</string>
			<key>lastKnownFileType</key>
			<string>file.xib</string>
			<key>name</key>
			<string>PopularPhotoCollectionViewCell.xib</string>
			<key>path</key>
			<string>Cells/PopularPhotoCollectionViewCell.xib</string>
			<key>sourceTree</key>
			<string>&lt;group&gt;</string>
		</dict>
		<key>013189701AD5A09B00DA4F6B</key>
		<dict>
			<key>fileRef</key>
			<string>0131896E1AD5A09B00DA4F6B</string>
			<key>isa</key>
			<string>PBXBuildFile</string>
		</dict>
		<key>013189711AD5A09B00DA4F6B</key>
		<dict>
			<key>fileRef</key>
			<string>0131896F1AD5A09B00DA4F6B</string>
			<key>isa</key>
			<string>PBXBuildFile</string>
		</dict>
		<key>13CC960BB38AB32B70C81E6E</key>
		<dict>
			<key>buildActionMask</key>
			<string>2147483647</string>
			<key>files</key>
			<array/>
			<key>inputPaths</key>
			<array/>
			<key>isa</key>
			<string>PBXShellScriptBuildPhase</string>
			<key>name</key>
			<string>Check Pods Manifest.lock</string>
			<key>outputPaths</key>
			<array/>
			<key>runOnlyForDeploymentPostprocessing</key>
			<string>0</string>
			<key>shellPath</key>
			<string>/bin/sh</string>
			<key>shellScript</key>
			<string>diff "${PODS_ROOT}/../Podfile.lock" "${PODS_ROOT}/Manifest.lock" &gt; /dev/null
if [[ $? != 0 ]] ; then
    cat &lt;&lt; EOM
error: The sandbox is not in sync with the Podfile.lock. Run 'pod install' or update your CocoaPods installation.
EOM
    exit 1
fi
</string>
			<key>showEnvVarsInLog</key>
			<string>0</string>
		</dict>
		<key>1968463E0109609099F531B6</key>
		<dict>
			<key>fileRef</key>
			<string>A6627E3CC7BA1CE79B9F9363</string>
			<key>isa</key>
			<string>PBXBuildFile</string>
		</dict>
		<key>6BBD093E0A2E47FFADA545EE</key>
		<dict>
			<key>children</key>
			<array>
				<string>A6627E3CC7BA1CE79B9F9363</string>
			</array>
			<key>isa</key>
			<string>PBXGroup</string>
			<key>name</key>
			<string>Frameworks</string>
			<key>sourceTree</key>
			<string>&lt;group&gt;</string>
		</dict>
		<key>7ACC1647D65B3FC2C94DC621</key>
		<dict>
			<key>includeInIndex</key>
			<string>1</string>
			<key>isa</key>
			<string>PBXFileReference</string>
			<key>lastKnownFileType</key>
			<string>text.xcconfig</string>
			<key>name</key>
			<string>Pods.debug.xcconfig</string>
			<key>path</key>
			<string>Pods/Target Support Files/Pods/Pods.debug.xcconfig</string>
			<key>sourceTree</key>
			<string>&lt;group&gt;</string>
		</dict>
		<key>8A91B9744BBD636B8DC7506F</key>
		<dict>
			<key>buildActionMask</key>
			<string>2147483647</string>
			<key>files</key>
			<array/>
			<key>inputPaths</key>
			<array/>
			<key>isa</key>
			<string>PBXShellScriptBuildPhase</string>
			<key>name</key>
			<string>Copy Pods Resources</string>
			<key>outputPaths</key>
			<array/>
			<key>runOnlyForDeploymentPostprocessing</key>
			<string>0</string>
			<key>shellPath</key>
			<string>/bin/sh</string>
			<key>shellScript</key>
			<string>"${SRCROOT}/Pods/Target Support Files/Pods/Pods-resources.sh"
</string>
			<key>showEnvVarsInLog</key>
			<string>0</string>
		</dict>
		<key>A6627E3CC7BA1CE79B9F9363</key>
		<dict>
			<key>explicitFileType</key>
			<string>archive.ar</string>
			<key>includeInIndex</key>
			<string>0</string>
			<key>isa</key>
			<string>PBXFileReference</string>
			<key>path</key>
			<string>libPods.a</string>
			<key>sourceTree</key>
			<string>BUILT_PRODUCTS_DIR</string>
		</dict>
		<key>BB033E5FCC04955B84B7FCFE</key>
		<dict>
			<key>includeInIndex</key>
			<string>1</string>
			<key>isa</key>
			<string>PBXFileReference</string>
			<key>lastKnownFileType</key>
			<string>text.xcconfig</string>
			<key>name</key>
			<string>Pods.release.xcconfig</string>
			<key>path</key>
			<string>Pods/Target Support Files/Pods/Pods.release.xcconfig</string>
			<key>sourceTree</key>
			<string>&lt;group&gt;</string>
		</dict>
		<key>C12EF14574DE445BBFFC6187</key>
		<dict>
			<key>children</key>
			<array>
				<string>7ACC1647D65B3FC2C94DC621</string>
				<string>BB033E5FCC04955B84B7FCFE</string>
			</array>
			<key>isa</key>
			<string>PBXGroup</string>
			<key>name</key>
			<string>Pods</string>
			<key>sourceTree</key>
			<string>&lt;group&gt;</string>
		</dict>
	</dict>
	<key>rootObject</key>
	<string>013188FB1AD55DF400DA4F6B</string>
</dict>
</plist>
