// !$*UTF8*$!
{
	archiveVersion = 1;
	classes = {
	};
	objectVersion = 46;
	objects = {

/* Begin PBXBuildFile section */
		013189091AD55DF400DA4F6B /* main.m in Sources */ = {isa = PBXBuildFile; fileRef = 013189081AD55DF400DA4F6B /* main.m */; };
		0131890C1AD55DF400DA4F6B /* AppDelegate.m in Sources */ = {isa = PBXBuildFile; fileRef = 0131890B1AD55DF400DA4F6B /* AppDelegate.m */; };
		0131890F1AD55DF400DA4F6B /* PlayingWith500px.xcdatamodeld in Sources */ = {isa = PBXBuildFile; fileRef = 0131890D1AD55DF400DA4F6B /* PlayingWith500px.xcdatamodeld */; };
		013189171AD55DF400DA4F6B /* Images.xcassets in Resources */ = {isa = PBXBuildFile; fileRef = 013189161AD55DF400DA4F6B /* Images.xcassets */; };
		0131891A1AD55DF400DA4F6B /* LaunchScreen.xib in Resources */ = {isa = PBXBuildFile; fileRef = 013189181AD55DF400DA4F6B /* LaunchScreen.xib */; };
		013189261AD55DF400DA4F6B /* PlayingWith500pxTests.m in Sources */ = {isa = PBXBuildFile; fileRef = 013189251AD55DF400DA4F6B /* PlayingWith500pxTests.m */; };
		013189321AD55ECE00DA4F6B /* PopularPhotosRouter.m in Sources */ = {isa = PBXBuildFile; fileRef = 013189311AD55ECE00DA4F6B /* PopularPhotosRouter.m */; };
		0131893D1AD56F5200DA4F6B /* PopularPhotosViewController.m in Sources */ = {isa = PBXBuildFile; fileRef = 0131893B1AD56F5200DA4F6B /* PopularPhotosViewController.m */; };
		0131893E1AD56F5200DA4F6B /* PopularPhotosViewController.xib in Resources */ = {isa = PBXBuildFile; fileRef = 0131893C1AD56F5200DA4F6B /* PopularPhotosViewController.xib */; };
		013189411AD5706E00DA4F6B /* CoreDataStack.m in Sources */ = {isa = PBXBuildFile; fileRef = 013189401AD5706E00DA4F6B /* CoreDataStack.m */; };
		013189451AD5715E00DA4F6B /* LoadPopularPhotosInteractor.m in Sources */ = {isa = PBXBuildFile; fileRef = 013189441AD5715E00DA4F6B /* LoadPopularPhotosInteractor.m */; };
		0131894C1AD5760100DA4F6B /* APIVars.m in Sources */ = {isa = PBXBuildFile; fileRef = 0131894B1AD5760100DA4F6B /* APIVars.m */; };
		013189521AD5779700DA4F6B /* FiveHungredpxExternalPhotosProvider.m in Sources */ = {isa = PBXBuildFile; fileRef = 013189511AD5779700DA4F6B /* FiveHungredpxExternalPhotosProvider.m */; };
		013189571AD57CEC00DA4F6B /* CustomRequestManager.m in Sources */ = {isa = PBXBuildFile; fileRef = 013189561AD57CEC00DA4F6B /* CustomRequestManager.m */; };
		0131895B1AD5840800DA4F6B /* URLHelper.m in Sources */ = {isa = PBXBuildFile; fileRef = 0131895A1AD5840800DA4F6B /* URLHelper.m */; };
		0131895F1AD5940300DA4F6B /* RequestManagerFactory.m in Sources */ = {isa = PBXBuildFile; fileRef = 0131895E1AD5940300DA4F6B /* RequestManagerFactory.m */; };
		013189631AD599B100DA4F6B /* Photo.m in Sources */ = {isa = PBXBuildFile; fileRef = 013189621AD599B100DA4F6B /* Photo.m */; };
		013189671AD59A6800DA4F6B /* PhotoParser.m in Sources */ = {isa = PBXBuildFile; fileRef = 013189661AD59A6800DA4F6B /* PhotoParser.m */; };
		0131896B1AD5A02000DA4F6B /* PopularPhotoCollectionViewCellController.m in Sources */ = {isa = PBXBuildFile; fileRef = 0131896A1AD5A02000DA4F6B /* PopularPhotoCollectionViewCellController.m */; };
		013189701AD5A09B00DA4F6B /* PopularPhotoCollectionViewCell.m in Sources */ = {isa = PBXBuildFile; fileRef = 0131896E1AD5A09B00DA4F6B /* PopularPhotoCollectionViewCell.m */; };
		013189711AD5A09B00DA4F6B /* PopularPhotoCollectionViewCell.xib in Resources */ = {isa = PBXBuildFile; fileRef = 0131896F1AD5A09B00DA4F6B /* PopularPhotoCollectionViewCell.xib */; };
		016C0BA11AD6A21C006C8A4A /* PhotoDetailViewController.m in Sources */ = {isa = PBXBuildFile; fileRef = 016C0B9F1AD6A21C006C8A4A /* PhotoDetailViewController.m */; };
		016C0BA21AD6A21C006C8A4A /* PhotoDetailViewController.xib in Resources */ = {isa = PBXBuildFile; fileRef = 016C0BA01AD6A21C006C8A4A /* PhotoDetailViewController.xib */; };
		016C0BA51AD6A805006C8A4A /* User.m in Sources */ = {isa = PBXBuildFile; fileRef = 016C0BA41AD6A805006C8A4A /* User.m */; };
		1968463E0109609099F531B6 /* libPods.a in Frameworks */ = {isa = PBXBuildFile; fileRef = A6627E3CC7BA1CE79B9F9363 /* libPods.a */; };
/* End PBXBuildFile section */

/* Begin PBXContainerItemProxy section */
		013189201AD55DF400DA4F6B /* PBXContainerItemProxy */ = {
			isa = PBXContainerItemProxy;
			containerPortal = 013188FB1AD55DF400DA4F6B /* Project object */;
			proxyType = 1;
			remoteGlobalIDString = 013189021AD55DF400DA4F6B;
			remoteInfo = PlayingWith500px;
		};
/* End PBXContainerItemProxy section */

/* Begin PBXFileReference section */
		013189031AD55DF400DA4F6B /* PlayingWith500px.app */ = {isa = PBXFileReference; explicitFileType = wrapper.application; includeInIndex = 0; path = PlayingWith500px.app; sourceTree = BUILT_PRODUCTS_DIR; };
		013189071AD55DF400DA4F6B /* Info.plist */ = {isa = PBXFileReference; lastKnownFileType = text.plist.xml; path = Info.plist; sourceTree = "<group>"; };
		013189081AD55DF400DA4F6B /* main.m */ = {isa = PBXFileReference; lastKnownFileType = sourcecode.c.objc; path = main.m; sourceTree = "<group>"; };
		0131890A1AD55DF400DA4F6B /* AppDelegate.h */ = {isa = PBXFileReference; lastKnownFileType = sourcecode.c.h; path = AppDelegate.h; sourceTree = "<group>"; };
		0131890B1AD55DF400DA4F6B /* AppDelegate.m */ = {isa = PBXFileReference; lastKnownFileType = sourcecode.c.objc; path = AppDelegate.m; sourceTree = "<group>"; };
		0131890E1AD55DF400DA4F6B /* PlayingWith500px.xcdatamodel */ = {isa = PBXFileReference; lastKnownFileType = wrapper.xcdatamodel; path = PlayingWith500px.xcdatamodel; sourceTree = "<group>"; };
		013189161AD55DF400DA4F6B /* Images.xcassets */ = {isa = PBXFileReference; lastKnownFileType = folder.assetcatalog; path = Images.xcassets; sourceTree = "<group>"; };
		013189191AD55DF400DA4F6B /* Base */ = {isa = PBXFileReference; lastKnownFileType = file.xib; name = Base; path = Base.lproj/LaunchScreen.xib; sourceTree = "<group>"; };
		0131891F1AD55DF400DA4F6B /* PlayingWith500pxTests.xctest */ = {isa = PBXFileReference; explicitFileType = wrapper.cfbundle; includeInIndex = 0; path = PlayingWith500pxTests.xctest; sourceTree = BUILT_PRODUCTS_DIR; };
		013189241AD55DF400DA4F6B /* Info.plist */ = {isa = PBXFileReference; lastKnownFileType = text.plist.xml; path = Info.plist; sourceTree = "<group>"; };
		013189251AD55DF400DA4F6B /* PlayingWith500pxTests.m */ = {isa = PBXFileReference; lastKnownFileType = sourcecode.c.objc; path = PlayingWith500pxTests.m; sourceTree = "<group>"; };
		013189301AD55ECE00DA4F6B /* PopularPhotosRouter.h */ = {isa = PBXFileReference; fileEncoding = 4; lastKnownFileType = sourcecode.c.h; name = PopularPhotosRouter.h; path = Routers/PopularPhotosRouter.h; sourceTree = "<group>"; };
		013189311AD55ECE00DA4F6B /* PopularPhotosRouter.m */ = {isa = PBXFileReference; fileEncoding = 4; lastKnownFileType = sourcecode.c.objc; name = PopularPhotosRouter.m; path = Routers/PopularPhotosRouter.m; sourceTree = "<group>"; };
		0131893A1AD56F5200DA4F6B /* PopularPhotosViewController.h */ = {isa = PBXFileReference; fileEncoding = 4; lastKnownFileType = sourcecode.c.h; name = PopularPhotosViewController.h; path = ViewControllers/PopularPhotosViewController.h; sourceTree = "<group>"; };
		0131893B1AD56F5200DA4F6B /* PopularPhotosViewController.m */ = {isa = PBXFileReference; fileEncoding = 4; lastKnownFileType = sourcecode.c.objc; name = PopularPhotosViewController.m; path = ViewControllers/PopularPhotosViewController.m; sourceTree = "<group>"; };
		0131893C1AD56F5200DA4F6B /* PopularPhotosViewController.xib */ = {isa = PBXFileReference; fileEncoding = 4; lastKnownFileType = file.xib; name = PopularPhotosViewController.xib; path = ViewControllers/PopularPhotosViewController.xib; sourceTree = "<group>"; };
		0131893F1AD5706E00DA4F6B /* CoreDataStack.h */ = {isa = PBXFileReference; fileEncoding = 4; lastKnownFileType = sourcecode.c.h; name = CoreDataStack.h; path = CoreData/CoreDataStack.h; sourceTree = "<group>"; };
		013189401AD5706E00DA4F6B /* CoreDataStack.m */ = {isa = PBXFileReference; fileEncoding = 4; lastKnownFileType = sourcecode.c.objc; name = CoreDataStack.m; path = CoreData/CoreDataStack.m; sourceTree = "<group>"; };
		013189431AD5715E00DA4F6B /* LoadPopularPhotosInteractor.h */ = {isa = PBXFileReference; fileEncoding = 4; lastKnownFileType = sourcecode.c.h; name = LoadPopularPhotosInteractor.h; path = Interactors/LoadPopularPhotosInteractor.h; sourceTree = "<group>"; };
		013189441AD5715E00DA4F6B /* LoadPopularPhotosInteractor.m */ = {isa = PBXFileReference; fileEncoding = 4; lastKnownFileType = sourcecode.c.objc; name = LoadPopularPhotosInteractor.m; path = Interactors/LoadPopularPhotosInteractor.m; sourceTree = "<group>"; };
		013189471AD572F500DA4F6B /* LocalPhotosProvider.h */ = {isa = PBXFileReference; fileEncoding = 4; lastKnownFileType = sourcecode.c.h; name = LocalPhotosProvider.h; path = Providers/LocalPhotosProvider.h; sourceTree = "<group>"; };
		013189481AD573AB00DA4F6B /* ExternalPhotosProvider.h */ = {isa = PBXFileReference; fileEncoding = 4; lastKnownFileType = sourcecode.c.h; name = ExternalPhotosProvider.h; path = Providers/ExternalPhotosProvider.h; sourceTree = "<group>"; };
		0131894A1AD5760100DA4F6B /* APIVars.h */ = {isa = PBXFileReference; fileEncoding = 4; lastKnownFileType = sourcecode.c.h; name = APIVars.h; path = Master/APIVars.h; sourceTree = "<group>"; };
		0131894B1AD5760100DA4F6B /* APIVars.m */ = {isa = PBXFileReference; fileEncoding = 4; lastKnownFileType = sourcecode.c.objc; name = APIVars.m; path = Master/APIVars.m; sourceTree = "<group>"; };
		013189501AD5779700DA4F6B /* FiveHungredpxExternalPhotosProvider.h */ = {isa = PBXFileReference; fileEncoding = 4; lastKnownFileType = sourcecode.c.h; name = FiveHungredpxExternalPhotosProvider.h; path = Providers/FiveHungredpxExternalPhotosProvider.h; sourceTree = "<group>"; };
		013189511AD5779700DA4F6B /* FiveHungredpxExternalPhotosProvider.m */ = {isa = PBXFileReference; fileEncoding = 4; lastKnownFileType = sourcecode.c.objc; name = FiveHungredpxExternalPhotosProvider.m; path = Providers/FiveHungredpxExternalPhotosProvider.m; sourceTree = "<group>"; };
		013189541AD5789200DA4F6B /* RequestManager.h */ = {isa = PBXFileReference; fileEncoding = 4; lastKnownFileType = sourcecode.c.h; name = RequestManager.h; path = RequestManagers/RequestManager.h; sourceTree = "<group>"; };
		013189551AD57CEC00DA4F6B /* CustomRequestManager.h */ = {isa = PBXFileReference; fileEncoding = 4; lastKnownFileType = sourcecode.c.h; name = CustomRequestManager.h; path = RequestManagers/CustomRequestManager.h; sourceTree = "<group>"; };
		013189561AD57CEC00DA4F6B /* CustomRequestManager.m */ = {isa = PBXFileReference; fileEncoding = 4; lastKnownFileType = sourcecode.c.objc; name = CustomRequestManager.m; path = RequestManagers/CustomRequestManager.m; sourceTree = "<group>"; };
		013189591AD5840800DA4F6B /* URLHelper.h */ = {isa = PBXFileReference; fileEncoding = 4; lastKnownFileType = sourcecode.c.h; name = URLHelper.h; path = Helpers/URLHelper.h; sourceTree = "<group>"; };
		0131895A1AD5840800DA4F6B /* URLHelper.m */ = {isa = PBXFileReference; fileEncoding = 4; lastKnownFileType = sourcecode.c.objc; name = URLHelper.m; path = Helpers/URLHelper.m; sourceTree = "<group>"; };
		0131895D1AD5940300DA4F6B /* RequestManagerFactory.h */ = {isa = PBXFileReference; fileEncoding = 4; lastKnownFileType = sourcecode.c.h; name = RequestManagerFactory.h; path = Factories/RequestManagerFactory.h; sourceTree = "<group>"; };
		0131895E1AD5940300DA4F6B /* RequestManagerFactory.m */ = {isa = PBXFileReference; fileEncoding = 4; lastKnownFileType = sourcecode.c.objc; name = RequestManagerFactory.m; path = Factories/RequestManagerFactory.m; sourceTree = "<group>"; };
		013189611AD599B100DA4F6B /* Photo.h */ = {isa = PBXFileReference; fileEncoding = 4; lastKnownFileType = sourcecode.c.h; name = Photo.h; path = PONSOS/Photo.h; sourceTree = "<group>"; };
		013189621AD599B100DA4F6B /* Photo.m */ = {isa = PBXFileReference; fileEncoding = 4; lastKnownFileType = sourcecode.c.objc; name = Photo.m; path = PONSOS/Photo.m; sourceTree = "<group>"; };
		013189651AD59A6800DA4F6B /* PhotoParser.h */ = {isa = PBXFileReference; fileEncoding = 4; lastKnownFileType = sourcecode.c.h; name = PhotoParser.h; path = Parsers/PhotoParser.h; sourceTree = "<group>"; };
		013189661AD59A6800DA4F6B /* PhotoParser.m */ = {isa = PBXFileReference; fileEncoding = 4; lastKnownFileType = sourcecode.c.objc; name = PhotoParser.m; path = Parsers/PhotoParser.m; sourceTree = "<group>"; };
		013189691AD5A02000DA4F6B /* PopularPhotoCollectionViewCellController.h */ = {isa = PBXFileReference; fileEncoding = 4; lastKnownFileType = sourcecode.c.h; name = PopularPhotoCollectionViewCellController.h; path = Controllers/PopularPhotoCollectionViewCellController.h; sourceTree = "<group>"; };
		0131896A1AD5A02000DA4F6B /* PopularPhotoCollectionViewCellController.m */ = {isa = PBXFileReference; fileEncoding = 4; lastKnownFileType = sourcecode.c.objc; name = PopularPhotoCollectionViewCellController.m; path = Controllers/PopularPhotoCollectionViewCellController.m; sourceTree = "<group>"; };
		0131896D1AD5A09B00DA4F6B /* PopularPhotoCollectionViewCell.h */ = {isa = PBXFileReference; fileEncoding = 4; lastKnownFileType = sourcecode.c.h; name = PopularPhotoCollectionViewCell.h; path = Cells/PopularPhotoCollectionViewCell.h; sourceTree = "<group>"; };
		0131896E1AD5A09B00DA4F6B /* PopularPhotoCollectionViewCell.m */ = {isa = PBXFileReference; fileEncoding = 4; lastKnownFileType = sourcecode.c.objc; name = PopularPhotoCollectionViewCell.m; path = Cells/PopularPhotoCollectionViewCell.m; sourceTree = "<group>"; };
		0131896F1AD5A09B00DA4F6B /* PopularPhotoCollectionViewCell.xib */ = {isa = PBXFileReference; fileEncoding = 4; lastKnownFileType = file.xib; name = PopularPhotoCollectionViewCell.xib; path = Cells/PopularPhotoCollectionViewCell.xib; sourceTree = "<group>"; };
		016C0B9E1AD6A21C006C8A4A /* PhotoDetailViewController.h */ = {isa = PBXFileReference; fileEncoding = 4; lastKnownFileType = sourcecode.c.h; name = PhotoDetailViewController.h; path = ViewControllers/PhotoDetailViewController.h; sourceTree = "<group>"; };
		016C0B9F1AD6A21C006C8A4A /* PhotoDetailViewController.m */ = {isa = PBXFileReference; fileEncoding = 4; lastKnownFileType = sourcecode.c.objc; name = PhotoDetailViewController.m; path = ViewControllers/PhotoDetailViewController.m; sourceTree = "<group>"; };
		016C0BA01AD6A21C006C8A4A /* PhotoDetailViewController.xib */ = {isa = PBXFileReference; fileEncoding = 4; lastKnownFileType = file.xib; name = PhotoDetailViewController.xib; path = ViewControllers/PhotoDetailViewController.xib; sourceTree = "<group>"; };
		016C0BA31AD6A805006C8A4A /* User.h */ = {isa = PBXFileReference; fileEncoding = 4; lastKnownFileType = sourcecode.c.h; name = User.h; path = PONSOS/User.h; sourceTree = "<group>"; };
		016C0BA41AD6A805006C8A4A /* User.m */ = {isa = PBXFileReference; fileEncoding = 4; lastKnownFileType = sourcecode.c.objc; name = User.m; path = PONSOS/User.m; sourceTree = "<group>"; };
		7ACC1647D65B3FC2C94DC621 /* Pods.debug.xcconfig */ = {isa = PBXFileReference; includeInIndex = 1; lastKnownFileType = text.xcconfig; name = Pods.debug.xcconfig; path = "Pods/Target Support Files/Pods/Pods.debug.xcconfig"; sourceTree = "<group>"; };
		A6627E3CC7BA1CE79B9F9363 /* libPods.a */ = {isa = PBXFileReference; explicitFileType = archive.ar; includeInIndex = 0; path = libPods.a; sourceTree = BUILT_PRODUCTS_DIR; };
		BB033E5FCC04955B84B7FCFE /* Pods.release.xcconfig */ = {isa = PBXFileReference; includeInIndex = 1; lastKnownFileType = text.xcconfig; name = Pods.release.xcconfig; path = "Pods/Target Support Files/Pods/Pods.release.xcconfig"; sourceTree = "<group>"; };
/* End PBXFileReference section */

/* Begin PBXFrameworksBuildPhase section */
		013189001AD55DF400DA4F6B /* Frameworks */ = {
			isa = PBXFrameworksBuildPhase;
			buildActionMask = 2147483647;
			files = (
				1968463E0109609099F531B6 /* libPods.a in Frameworks */,
			);
			runOnlyForDeploymentPostprocessing = 0;
		};
		0131891C1AD55DF400DA4F6B /* Frameworks */ = {
			isa = PBXFrameworksBuildPhase;
			buildActionMask = 2147483647;
			files = (
			);
			runOnlyForDeploymentPostprocessing = 0;
		};
/* End PBXFrameworksBuildPhase section */

/* Begin PBXGroup section */
		013188FA1AD55DF400DA4F6B = {
			isa = PBXGroup;
			children = (
				013189051AD55DF400DA4F6B /* PlayingWith500px */,
				013189221AD55DF400DA4F6B /* PlayingWith500pxTests */,
				013189041AD55DF400DA4F6B /* Products */,
				C12EF14574DE445BBFFC6187 /* Pods */,
				6BBD093E0A2E47FFADA545EE /* Frameworks */,
			);
			sourceTree = "<group>";
		};
		013189041AD55DF400DA4F6B /* Products */ = {
			isa = PBXGroup;
			children = (
				013189031AD55DF400DA4F6B /* PlayingWith500px.app */,
				0131891F1AD55DF400DA4F6B /* PlayingWith500pxTests.xctest */,
			);
			name = Products;
			sourceTree = "<group>";
		};
		013189051AD55DF400DA4F6B /* PlayingWith500px */ = {
			isa = PBXGroup;
			children = (
				0131890A1AD55DF400DA4F6B /* AppDelegate.h */,
				0131890B1AD55DF400DA4F6B /* AppDelegate.m */,
				013189491AD575EC00DA4F6B /* Master */,
				013189581AD583E900DA4F6B /* Helpers */,
				013189641AD59A5200DA4F6B /* Parsers */,
				0131895C1AD593EE00DA4F6B /* Factories */,
				0131892F1AD55EB500DA4F6B /* Routers */,
				013189531AD5786400DA4F6B /* RequestManagers */,
				013189461AD572D800DA4F6B /* Providers */,
				013189421AD5713D00DA4F6B /* Interactors */,
				013189331AD55ED400DA4F6B /* ViewControllers */,
				0131896C1AD5A06700DA4F6B /* Cells */,
				013189681AD5A00000DA4F6B /* Controllers */,
				013189601AD5998E00DA4F6B /* PONSOS */,
				013189341AD55EF000DA4F6B /* CoreData */,
				013189161AD55DF400DA4F6B /* Images.xcassets */,
				013189181AD55DF400DA4F6B /* LaunchScreen.xib */,
				013189061AD55DF400DA4F6B /* Supporting Files */,
			);
			path = PlayingWith500px;
			sourceTree = "<group>";
		};
		013189061AD55DF400DA4F6B /* Supporting Files */ = {
			isa = PBXGroup;
			children = (
				013189071AD55DF400DA4F6B /* Info.plist */,
				013189081AD55DF400DA4F6B /* main.m */,
			);
			name = "Supporting Files";
			sourceTree = "<group>";
		};
		013189221AD55DF400DA4F6B /* PlayingWith500pxTests */ = {
			isa = PBXGroup;
			children = (
				013189251AD55DF400DA4F6B /* PlayingWith500pxTests.m */,
				013189231AD55DF400DA4F6B /* Supporting Files */,
			);
			path = PlayingWith500pxTests;
			sourceTree = "<group>";
		};
		013189231AD55DF400DA4F6B /* Supporting Files */ = {
			isa = PBXGroup;
			children = (
				013189241AD55DF400DA4F6B /* Info.plist */,
			);
			name = "Supporting Files";
			sourceTree = "<group>";
		};
		0131892F1AD55EB500DA4F6B /* Routers */ = {
			isa = PBXGroup;
			children = (
				013189301AD55ECE00DA4F6B /* PopularPhotosRouter.h */,
				013189311AD55ECE00DA4F6B /* PopularPhotosRouter.m */,
			);
			name = Routers;
			sourceTree = "<group>";
		};
		013189331AD55ED400DA4F6B /* ViewControllers */ = {
			isa = PBXGroup;
			children = (
				0131893A1AD56F5200DA4F6B /* PopularPhotosViewController.h */,
				0131893B1AD56F5200DA4F6B /* PopularPhotosViewController.m */,
				0131893C1AD56F5200DA4F6B /* PopularPhotosViewController.xib */,
				016C0B9E1AD6A21C006C8A4A /* PhotoDetailViewController.h */,
				016C0B9F1AD6A21C006C8A4A /* PhotoDetailViewController.m */,
				016C0BA01AD6A21C006C8A4A /* PhotoDetailViewController.xib */,
			);
			name = ViewControllers;
			sourceTree = "<group>";
		};
		013189341AD55EF000DA4F6B /* CoreData */ = {
			isa = PBXGroup;
			children = (
				0131890D1AD55DF400DA4F6B /* PlayingWith500px.xcdatamodeld */,
				0131893F1AD5706E00DA4F6B /* CoreDataStack.h */,
				013189401AD5706E00DA4F6B /* CoreDataStack.m */,
			);
			name = CoreData;
			sourceTree = "<group>";
		};
		013189421AD5713D00DA4F6B /* Interactors */ = {
			isa = PBXGroup;
			children = (
				013189431AD5715E00DA4F6B /* LoadPopularPhotosInteractor.h */,
				013189441AD5715E00DA4F6B /* LoadPopularPhotosInteractor.m */,
			);
			name = Interactors;
			sourceTree = "<group>";
		};
		013189461AD572D800DA4F6B /* Providers */ = {
			isa = PBXGroup;
			children = (
				013189471AD572F500DA4F6B /* LocalPhotosProvider.h */,
				013189481AD573AB00DA4F6B /* ExternalPhotosProvider.h */,
				013189501AD5779700DA4F6B /* FiveHungredpxExternalPhotosProvider.h */,
				013189511AD5779700DA4F6B /* FiveHungredpxExternalPhotosProvider.m */,
			);
			name = Providers;
			sourceTree = "<group>";
		};
		013189491AD575EC00DA4F6B /* Master */ = {
			isa = PBXGroup;
			children = (
				0131894A1AD5760100DA4F6B /* APIVars.h */,
				0131894B1AD5760100DA4F6B /* APIVars.m */,
			);
			name = Master;
			sourceTree = "<group>";
		};
		013189531AD5786400DA4F6B /* RequestManagers */ = {
			isa = PBXGroup;
			children = (
				013189541AD5789200DA4F6B /* RequestManager.h */,
				013189551AD57CEC00DA4F6B /* CustomRequestManager.h */,
				013189561AD57CEC00DA4F6B /* CustomRequestManager.m */,
			);
			name = RequestManagers;
			sourceTree = "<group>";
		};
		013189581AD583E900DA4F6B /* Helpers */ = {
			isa = PBXGroup;
			children = (
				013189591AD5840800DA4F6B /* URLHelper.h */,
				0131895A1AD5840800DA4F6B /* URLHelper.m */,
			);
			name = Helpers;
			sourceTree = "<group>";
		};
		0131895C1AD593EE00DA4F6B /* Factories */ = {
			isa = PBXGroup;
			children = (
				0131895D1AD5940300DA4F6B /* RequestManagerFactory.h */,
				0131895E1AD5940300DA4F6B /* RequestManagerFactory.m */,
			);
			name = Factories;
			sourceTree = "<group>";
		};
		013189601AD5998E00DA4F6B /* PONSOS */ = {
			isa = PBXGroup;
			children = (
				013189611AD599B100DA4F6B /* Photo.h */,
				013189621AD599B100DA4F6B /* Photo.m */,
				016C0BA31AD6A805006C8A4A /* User.h */,
				016C0BA41AD6A805006C8A4A /* User.m */,
			);
			name = PONSOS;
			sourceTree = "<group>";
		};
		013189641AD59A5200DA4F6B /* Parsers */ = {
			isa = PBXGroup;
			children = (
				013189651AD59A6800DA4F6B /* PhotoParser.h */,
				013189661AD59A6800DA4F6B /* PhotoParser.m */,
			);
			name = Parsers;
			sourceTree = "<group>";
		};
		013189681AD5A00000DA4F6B /* Controllers */ = {
			isa = PBXGroup;
			children = (
				013189691AD5A02000DA4F6B /* PopularPhotoCollectionViewCellController.h */,
				0131896A1AD5A02000DA4F6B /* PopularPhotoCollectionViewCellController.m */,
			);
			name = Controllers;
			sourceTree = "<group>";
		};
		0131896C1AD5A06700DA4F6B /* Cells */ = {
			isa = PBXGroup;
			children = (
				0131896D1AD5A09B00DA4F6B /* PopularPhotoCollectionViewCell.h */,
				0131896E1AD5A09B00DA4F6B /* PopularPhotoCollectionViewCell.m */,
				0131896F1AD5A09B00DA4F6B /* PopularPhotoCollectionViewCell.xib */,
			);
			name = Cells;
			sourceTree = "<group>";
		};
		6BBD093E0A2E47FFADA545EE /* Frameworks */ = {
			isa = PBXGroup;
			children = (
				A6627E3CC7BA1CE79B9F9363 /* libPods.a */,
			);
			name = Frameworks;
			sourceTree = "<group>";
		};
		C12EF14574DE445BBFFC6187 /* Pods */ = {
			isa = PBXGroup;
			children = (
				7ACC1647D65B3FC2C94DC621 /* Pods.debug.xcconfig */,
				BB033E5FCC04955B84B7FCFE /* Pods.release.xcconfig */,
			);
			name = Pods;
			sourceTree = "<group>";
		};
/* End PBXGroup section */

/* Begin PBXNativeTarget section */
		013189021AD55DF400DA4F6B /* PlayingWith500px */ = {
			isa = PBXNativeTarget;
			buildConfigurationList = 013189291AD55DF400DA4F6B /* Build configuration list for PBXNativeTarget "PlayingWith500px" */;
			buildPhases = (
				13CC960BB38AB32B70C81E6E /* Check Pods Manifest.lock */,
				013188FF1AD55DF400DA4F6B /* Sources */,
				013189001AD55DF400DA4F6B /* Frameworks */,
				013189011AD55DF400DA4F6B /* Resources */,
				8A91B9744BBD636B8DC7506F /* Copy Pods Resources */,
			);
			buildRules = (
			);
			dependencies = (
			);
			name = PlayingWith500px;
			productName = PlayingWith500px;
			productReference = 013189031AD55DF400DA4F6B /* PlayingWith500px.app */;
			productType = "com.apple.product-type.application";
		};
		0131891E1AD55DF400DA4F6B /* PlayingWith500pxTests */ = {
			isa = PBXNativeTarget;
			buildConfigurationList = 0131892C1AD55DF400DA4F6B /* Build configuration list for PBXNativeTarget "PlayingWith500pxTests" */;
			buildPhases = (
				0131891B1AD55DF400DA4F6B /* Sources */,
				0131891C1AD55DF400DA4F6B /* Frameworks */,
				0131891D1AD55DF400DA4F6B /* Resources */,
			);
			buildRules = (
			);
			dependencies = (
				013189211AD55DF400DA4F6B /* PBXTargetDependency */,
			);
			name = PlayingWith500pxTests;
			productName = PlayingWith500pxTests;
			productReference = 0131891F1AD55DF400DA4F6B /* PlayingWith500pxTests.xctest */;
			productType = "com.apple.product-type.bundle.unit-test";
		};
/* End PBXNativeTarget section */

/* Begin PBXProject section */
		013188FB1AD55DF400DA4F6B /* Project object */ = {
			isa = PBXProject;
			attributes = {
				LastUpgradeCheck = 0620;
				ORGANIZATIONNAME = Julian;
				TargetAttributes = {
					013189021AD55DF400DA4F6B = {
						CreatedOnToolsVersion = 6.2;
					};
					0131891E1AD55DF400DA4F6B = {
						CreatedOnToolsVersion = 6.2;
						TestTargetID = 013189021AD55DF400DA4F6B;
					};
				};
			};
			buildConfigurationList = 013188FE1AD55DF400DA4F6B /* Build configuration list for PBXProject "PlayingWith500px" */;
			compatibilityVersion = "Xcode 3.2";
			developmentRegion = English;
			hasScannedForEncodings = 0;
			knownRegions = (
				en,
				Base,
			);
			mainGroup = 013188FA1AD55DF400DA4F6B;
			productRefGroup = 013189041AD55DF400DA4F6B /* Products */;
			projectDirPath = "";
			projectRoot = "";
			targets = (
				013189021AD55DF400DA4F6B /* PlayingWith500px */,
				0131891E1AD55DF400DA4F6B /* PlayingWith500pxTests */,
			);
		};
/* End PBXProject section */

/* Begin PBXResourcesBuildPhase section */
		013189011AD55DF400DA4F6B /* Resources */ = {
			isa = PBXResourcesBuildPhase;
			buildActionMask = 2147483647;
			files = (
				016C0BA21AD6A21C006C8A4A /* PhotoDetailViewController.xib in Resources */,
				0131893E1AD56F5200DA4F6B /* PopularPhotosViewController.xib in Resources */,
				0131891A1AD55DF400DA4F6B /* LaunchScreen.xib in Resources */,
				013189171AD55DF400DA4F6B /* Images.xcassets in Resources */,
				013189711AD5A09B00DA4F6B /* PopularPhotoCollectionViewCell.xib in Resources */,
			);
			runOnlyForDeploymentPostprocessing = 0;
		};
		0131891D1AD55DF400DA4F6B /* Resources */ = {
			isa = PBXResourcesBuildPhase;
			buildActionMask = 2147483647;
			files = (
			);
			runOnlyForDeploymentPostprocessing = 0;
		};
/* End PBXResourcesBuildPhase section */

/* Begin PBXShellScriptBuildPhase section */
		13CC960BB38AB32B70C81E6E /* Check Pods Manifest.lock */ = {
			isa = PBXShellScriptBuildPhase;
			buildActionMask = 2147483647;
			files = (
			);
			inputPaths = (
			);
			name = "Check Pods Manifest.lock";
			outputPaths = (
			);
			runOnlyForDeploymentPostprocessing = 0;
			shellPath = /bin/sh;
			shellScript = "diff \"${PODS_ROOT}/../Podfile.lock\" \"${PODS_ROOT}/Manifest.lock\" > /dev/null\nif [[ $? != 0 ]] ; then\n    cat << EOM\nerror: The sandbox is not in sync with the Podfile.lock. Run 'pod install' or update your CocoaPods installation.\nEOM\n    exit 1\nfi\n";
			showEnvVarsInLog = 0;
		};
		8A91B9744BBD636B8DC7506F /* Copy Pods Resources */ = {
			isa = PBXShellScriptBuildPhase;
			buildActionMask = 2147483647;
			files = (
			);
			inputPaths = (
			);
			name = "Copy Pods Resources";
			outputPaths = (
			);
			runOnlyForDeploymentPostprocessing = 0;
			shellPath = /bin/sh;
			shellScript = "\"${SRCROOT}/Pods/Target Support Files/Pods/Pods-resources.sh\"\n";
			showEnvVarsInLog = 0;
		};
/* End PBXShellScriptBuildPhase section */

/* Begin PBXSourcesBuildPhase section */
		013188FF1AD55DF400DA4F6B /* Sources */ = {
			isa = PBXSourcesBuildPhase;
			buildActionMask = 2147483647;
			files = (
				0131890C1AD55DF400DA4F6B /* AppDelegate.m in Sources */,
				013189451AD5715E00DA4F6B /* LoadPopularPhotosInteractor.m in Sources */,
				016C0BA51AD6A805006C8A4A /* User.m in Sources */,
				016C0BA11AD6A21C006C8A4A /* PhotoDetailViewController.m in Sources */,
				013189521AD5779700DA4F6B /* FiveHungredpxExternalPhotosProvider.m in Sources */,
				013189671AD59A6800DA4F6B /* PhotoParser.m in Sources */,
				0131896B1AD5A02000DA4F6B /* PopularPhotoCollectionViewCellController.m in Sources */,
				0131894C1AD5760100DA4F6B /* APIVars.m in Sources */,
				013189631AD599B100DA4F6B /* Photo.m in Sources */,
				0131893D1AD56F5200DA4F6B /* PopularPhotosViewController.m in Sources */,
				013189091AD55DF400DA4F6B /* main.m in Sources */,
				0131895F1AD5940300DA4F6B /* RequestManagerFactory.m in Sources */,
				013189321AD55ECE00DA4F6B /* PopularPhotosRouter.m in Sources */,
				0131895B1AD5840800DA4F6B /* URLHelper.m in Sources */,
				0131890F1AD55DF400DA4F6B /* PlayingWith500px.xcdatamodeld in Sources */,
				013189571AD57CEC00DA4F6B /* CustomRequestManager.m in Sources */,
				013189701AD5A09B00DA4F6B /* PopularPhotoCollectionViewCell.m in Sources */,
				013189411AD5706E00DA4F6B /* CoreDataStack.m in Sources */,
			);
			runOnlyForDeploymentPostprocessing = 0;
		};
		0131891B1AD55DF400DA4F6B /* Sources */ = {
			isa = PBXSourcesBuildPhase;
			buildActionMask = 2147483647;
			files = (
				013189261AD55DF400DA4F6B /* PlayingWith500pxTests.m in Sources */,
			);
			runOnlyForDeploymentPostprocessing = 0;
		};
/* End PBXSourcesBuildPhase section */

/* Begin PBXTargetDependency section */
		013189211AD55DF400DA4F6B /* PBXTargetDependency */ = {
			isa = PBXTargetDependency;
			target = 013189021AD55DF400DA4F6B /* PlayingWith500px */;
			targetProxy = 013189201AD55DF400DA4F6B /* PBXContainerItemProxy */;
		};
/* End PBXTargetDependency section */

/* Begin PBXVariantGroup section */
		013189181AD55DF400DA4F6B /* LaunchScreen.xib */ = {
			isa = PBXVariantGroup;
			children = (
				013189191AD55DF400DA4F6B /* Base */,
			);
			name = LaunchScreen.xib;
			sourceTree = "<group>";
		};
/* End PBXVariantGroup section */

/* Begin XCBuildConfiguration section */
		013189271AD55DF400DA4F6B /* Debug */ = {
			isa = XCBuildConfiguration;
			buildSettings = {
				ALWAYS_SEARCH_USER_PATHS = NO;
				CLANG_CXX_LANGUAGE_STANDARD = "gnu++0x";
				CLANG_CXX_LIBRARY = "libc++";
				CLANG_ENABLE_MODULES = YES;
				CLANG_ENABLE_OBJC_ARC = YES;
				CLANG_WARN_BOOL_CONVERSION = YES;
				CLANG_WARN_CONSTANT_CONVERSION = YES;
				CLANG_WARN_DIRECT_OBJC_ISA_USAGE = YES_ERROR;
				CLANG_WARN_EMPTY_BODY = YES;
				CLANG_WARN_ENUM_CONVERSION = YES;
				CLANG_WARN_INT_CONVERSION = YES;
				CLANG_WARN_OBJC_ROOT_CLASS = YES_ERROR;
				CLANG_WARN_UNREACHABLE_CODE = YES;
				CLANG_WARN__DUPLICATE_METHOD_MATCH = YES;
				"CODE_SIGN_IDENTITY[sdk=iphoneos*]" = "iPhone Developer";
				COPY_PHASE_STRIP = NO;
				ENABLE_STRICT_OBJC_MSGSEND = YES;
				GCC_C_LANGUAGE_STANDARD = gnu99;
				GCC_DYNAMIC_NO_PIC = NO;
				GCC_OPTIMIZATION_LEVEL = 0;
				GCC_PREPROCESSOR_DEFINITIONS = (
					"DEBUG=1",
					"$(inherited)",
				);
				GCC_SYMBOLS_PRIVATE_EXTERN = NO;
				GCC_WARN_64_TO_32_BIT_CONVERSION = YES;
				GCC_WARN_ABOUT_RETURN_TYPE = YES_ERROR;
				GCC_WARN_UNDECLARED_SELECTOR = YES;
				GCC_WARN_UNINITIALIZED_AUTOS = YES_AGGRESSIVE;
				GCC_WARN_UNUSED_FUNCTION = YES;
				GCC_WARN_UNUSED_VARIABLE = YES;
				IPHONEOS_DEPLOYMENT_TARGET = 8.2;
				MTL_ENABLE_DEBUG_INFO = YES;
				ONLY_ACTIVE_ARCH = YES;
				SDKROOT = iphoneos;
			};
			name = Debug;
		};
		013189281AD55DF400DA4F6B /* Release */ = {
			isa = XCBuildConfiguration;
			buildSettings = {
				ALWAYS_SEARCH_USER_PATHS = NO;
				CLANG_CXX_LANGUAGE_STANDARD = "gnu++0x";
				CLANG_CXX_LIBRARY = "libc++";
				CLANG_ENABLE_MODULES = YES;
				CLANG_ENABLE_OBJC_ARC = YES;
				CLANG_WARN_BOOL_CONVERSION = YES;
				CLANG_WARN_CONSTANT_CONVERSION = YES;
				CLANG_WARN_DIRECT_OBJC_ISA_USAGE = YES_ERROR;
				CLANG_WARN_EMPTY_BODY = YES;
				CLANG_WARN_ENUM_CONVERSION = YES;
				CLANG_WARN_INT_CONVERSION = YES;
				CLANG_WARN_OBJC_ROOT_CLASS = YES_ERROR;
				CLANG_WARN_UNREACHABLE_CODE = YES;
				CLANG_WARN__DUPLICATE_METHOD_MATCH = YES;
				"CODE_SIGN_IDENTITY[sdk=iphoneos*]" = "iPhone Developer";
				COPY_PHASE_STRIP = NO;
				ENABLE_NS_ASSERTIONS = NO;
				ENABLE_STRICT_OBJC_MSGSEND = YES;
				GCC_C_LANGUAGE_STANDARD = gnu99;
				GCC_WARN_64_TO_32_BIT_CONVERSION = YES;
				GCC_WARN_ABOUT_RETURN_TYPE = YES_ERROR;
				GCC_WARN_UNDECLARED_SELECTOR = YES;
				GCC_WARN_UNINITIALIZED_AUTOS = YES_AGGRESSIVE;
				GCC_WARN_UNUSED_FUNCTION = YES;
				GCC_WARN_UNUSED_VARIABLE = YES;
				IPHONEOS_DEPLOYMENT_TARGET = 8.2;
				MTL_ENABLE_DEBUG_INFO = NO;
				SDKROOT = iphoneos;
				VALIDATE_PRODUCT = YES;
			};
			name = Release;
		};
		0131892A1AD55DF400DA4F6B /* Debug */ = {
			isa = XCBuildConfiguration;
			baseConfigurationReference = 7ACC1647D65B3FC2C94DC621 /* Pods.debug.xcconfig */;
			buildSettings = {
				ASSETCATALOG_COMPILER_APPICON_NAME = AppIcon;
				INFOPLIST_FILE = PlayingWith500px/Info.plist;
				LD_RUNPATH_SEARCH_PATHS = "$(inherited) @executable_path/Frameworks";
				PRODUCT_NAME = "$(TARGET_NAME)";
			};
			name = Debug;
		};
		0131892B1AD55DF400DA4F6B /* Release */ = {
			isa = XCBuildConfiguration;
			baseConfigurationReference = BB033E5FCC04955B84B7FCFE /* Pods.release.xcconfig */;
			buildSettings = {
				ASSETCATALOG_COMPILER_APPICON_NAME = AppIcon;
				INFOPLIST_FILE = PlayingWith500px/Info.plist;
				LD_RUNPATH_SEARCH_PATHS = "$(inherited) @executable_path/Frameworks";
				PRODUCT_NAME = "$(TARGET_NAME)";
			};
			name = Release;
		};
		0131892D1AD55DF400DA4F6B /* Debug */ = {
			isa = XCBuildConfiguration;
			buildSettings = {
				BUNDLE_LOADER = "$(TEST_HOST)";
				FRAMEWORK_SEARCH_PATHS = (
					"$(SDKROOT)/Developer/Library/Frameworks",
					"$(inherited)",
				);
				GCC_PREPROCESSOR_DEFINITIONS = (
					"DEBUG=1",
					"$(inherited)",
				);
				INFOPLIST_FILE = PlayingWith500pxTests/Info.plist;
				LD_RUNPATH_SEARCH_PATHS = "$(inherited) @executable_path/Frameworks @loader_path/Frameworks";
				PRODUCT_NAME = "$(TARGET_NAME)";
				TEST_HOST = "$(BUILT_PRODUCTS_DIR)/PlayingWith500px.app/PlayingWith500px";
			};
			name = Debug;
		};
		0131892E1AD55DF400DA4F6B /* Release */ = {
			isa = XCBuildConfiguration;
			buildSettings = {
				BUNDLE_LOADER = "$(TEST_HOST)";
				FRAMEWORK_SEARCH_PATHS = (
					"$(SDKROOT)/Developer/Library/Frameworks",
					"$(inherited)",
				);
				INFOPLIST_FILE = PlayingWith500pxTests/Info.plist;
				LD_RUNPATH_SEARCH_PATHS = "$(inherited) @executable_path/Frameworks @loader_path/Frameworks";
				PRODUCT_NAME = "$(TARGET_NAME)";
				TEST_HOST = "$(BUILT_PRODUCTS_DIR)/PlayingWith500px.app/PlayingWith500px";
			};
			name = Release;
		};
/* End XCBuildConfiguration section */

/* Begin XCConfigurationList section */
		013188FE1AD55DF400DA4F6B /* Build configuration list for PBXProject "PlayingWith500px" */ = {
			isa = XCConfigurationList;
			buildConfigurations = (
				013189271AD55DF400DA4F6B /* Debug */,
				013189281AD55DF400DA4F6B /* Release */,
			);
			defaultConfigurationIsVisible = 0;
			defaultConfigurationName = Release;
		};
		013189291AD55DF400DA4F6B /* Build configuration list for PBXNativeTarget "PlayingWith500px" */ = {
			isa = XCConfigurationList;
			buildConfigurations = (
				0131892A1AD55DF400DA4F6B /* Debug */,
				0131892B1AD55DF400DA4F6B /* Release */,
			);
			defaultConfigurationIsVisible = 0;
			defaultConfigurationName = Release;
		};
		0131892C1AD55DF400DA4F6B /* Build configuration list for PBXNativeTarget "PlayingWith500pxTests" */ = {
			isa = XCConfigurationList;
			buildConfigurations = (
				0131892D1AD55DF400DA4F6B /* Debug */,
				0131892E1AD55DF400DA4F6B /* Release */,
			);
			defaultConfigurationIsVisible = 0;
			defaultConfigurationName = Release;
		};
/* End XCConfigurationList section */

/* Begin XCVersionGroup section */
		0131890D1AD55DF400DA4F6B /* PlayingWith500px.xcdatamodeld */ = {
			isa = XCVersionGroup;
			children = (
				0131890E1AD55DF400DA4F6B /* PlayingWith500px.xcdatamodel */,
			);
			currentVersion = 0131890E1AD55DF400DA4F6B /* PlayingWith500px.xcdatamodel */;
			path = PlayingWith500px.xcdatamodeld;
			sourceTree = "<group>";
			versionGroupType = wrapper.xcdatamodel;
		};
/* End XCVersionGroup section */
	};
	rootObject = 013188FB1AD55DF400DA4F6B /* Project object */;
}
